// !$*UTF8*$!
{
	archiveVersion = 1;
	classes = {
	};
	objectVersion = 56;
	objects = {

/* Begin PBXBuildFile section */
		F6F5185028FD5B1D00E70A9D /* AppDelegate.m in Sources */ = {isa = PBXBuildFile; fileRef = F6F5184F28FD5B1D00E70A9D /* AppDelegate.m */; };
		F6F5185928FD5B1D00E70A9D /* Main.storyboard in Resources */ = {isa = PBXBuildFile; fileRef = F6F5185728FD5B1D00E70A9D /* Main.storyboard */; };
		F6F5185B28FD5B1E00E70A9D /* Assets.xcassets in Resources */ = {isa = PBXBuildFile; fileRef = F6F5185A28FD5B1E00E70A9D /* Assets.xcassets */; };
		F6F5185E28FD5B1E00E70A9D /* LaunchScreen.storyboard in Resources */ = {isa = PBXBuildFile; fileRef = F6F5185C28FD5B1E00E70A9D /* LaunchScreen.storyboard */; };
		F6F5186128FD5B1E00E70A9D /* main.m in Sources */ = {isa = PBXBuildFile; fileRef = F6F5186028FD5B1E00E70A9D /* main.m */; };
		F6F518BD28FD5C0200E70A9D /* EntryViewController.m in Sources */ = {isa = PBXBuildFile; fileRef = F6F5186A28FD5C0100E70A9D /* EntryViewController.m */; };
		F6F518BE28FD5C0200E70A9D /* EntryData.m in Sources */ = {isa = PBXBuildFile; fileRef = F6F5186B28FD5C0100E70A9D /* EntryData.m */; };
		F6F518BF28FD5C0200E70A9D /* ShowsPoiViewController.m in Sources */ = {isa = PBXBuildFile; fileRef = F6F5186D28FD5C0100E70A9D /* ShowsPoiViewController.m */; };
		F6F518C028FD5C0200E70A9D /* SetMapCenterViewController.m in Sources */ = {isa = PBXBuildFile; fileRef = F6F5187028FD5C0100E70A9D /* SetMapCenterViewController.m */; };
		F6F518C128FD5C0200E70A9D /* SmoothMoveViewController.m in Sources */ = {isa = PBXBuildFile; fileRef = F6F5187428FD5C0100E70A9D /* SmoothMoveViewController.m */; };
		F6F518C228FD5C0200E70A9D /* BaseMapViewController.m in Sources */ = {isa = PBXBuildFile; fileRef = F6F5187528FD5C0100E70A9D /* BaseMapViewController.m */; };
		F6F518C328FD5C0200E70A9D /* LimitMapRectViewController.m in Sources */ = {isa = PBXBuildFile; fileRef = F6F5187628FD5C0100E70A9D /* LimitMapRectViewController.m */; };
		F6F518C428FD5C0200E70A9D /* CustomGestureViewController.m in Sources */ = {isa = PBXBuildFile; fileRef = F6F5187728FD5C0100E70A9D /* CustomGestureViewController.m */; };
		F6F518C528FD5C0200E70A9D /* PickMapPointViewController.m in Sources */ = {isa = PBXBuildFile; fileRef = F6F5187828FD5C0100E70A9D /* PickMapPointViewController.m */; };
		F6F518C628FD5C0200E70A9D /* PointClusterViewController.m in Sources */ = {isa = PBXBuildFile; fileRef = F6F5187928FD5C0100E70A9D /* PointClusterViewController.m */; };
		F6F518C728FD5C0200E70A9D /* LocationCircleController.m in Sources */ = {isa = PBXBuildFile; fileRef = F6F5187D28FD5C0100E70A9D /* LocationCircleController.m */; };
		F6F518C828FD5C0200E70A9D /* LocationIconController.m in Sources */ = {isa = PBXBuildFile; fileRef = F6F5187E28FD5C0100E70A9D /* LocationIconController.m */; };
		F6F518C928FD5C0200E70A9D /* ShowMarkersViewController.m in Sources */ = {isa = PBXBuildFile; fileRef = F6F5188028FD5C0100E70A9D /* ShowMarkersViewController.m */; };
		F6F518CA28FD5C0200E70A9D /* CustomGestureViewController.m in Sources */ = {isa = PBXBuildFile; fileRef = F6F5188228FD5C0100E70A9D /* CustomGestureViewController.m */; };
		F6F518CB28FD5C0200E70A9D /* SmoothMoveViewController.m in Sources */ = {isa = PBXBuildFile; fileRef = F6F5188528FD5C0100E70A9D /* SmoothMoveViewController.m */; };
		F6F518CC28FD5C0200E70A9D /* DeliveryController.m in Sources */ = {isa = PBXBuildFile; fileRef = F6F5188728FD5C0100E70A9D /* DeliveryController.m */; };
		F6F518CD28FD5C0200E70A9D /* DeliveryGoodsModel.m in Sources */ = {isa = PBXBuildFile; fileRef = F6F5188928FD5C0100E70A9D /* DeliveryGoodsModel.m */; };
		F6F518CE28FD5C0200E70A9D /* DeliveryModel.m in Sources */ = {isa = PBXBuildFile; fileRef = F6F5188C28FD5C0100E70A9D /* DeliveryModel.m */; };
		F6F518CF28FD5C0200E70A9D /* DeliveryGoodsView.m in Sources */ = {isa = PBXBuildFile; fileRef = F6F5189028FD5C0100E70A9D /* DeliveryGoodsView.m */; };
		F6F518D028FD5C0200E70A9D /* DeliveryRouteView.m in Sources */ = {isa = PBXBuildFile; fileRef = F6F5189128FD5C0100E70A9D /* DeliveryRouteView.m */; };
		F6F518D128FD5C0200E70A9D /* ShowsPoiViewController.m in Sources */ = {isa = PBXBuildFile; fileRef = F6F5189628FD5C0100E70A9D /* ShowsPoiViewController.m */; };
		F6F518D228FD5C0200E70A9D /* MarkerAnimationController.m in Sources */ = {isa = PBXBuildFile; fileRef = F6F5189828FD5C0100E70A9D /* MarkerAnimationController.m */; };
		F6F518D328FD5C0200E70A9D /* HideBuildingController.m in Sources */ = {isa = PBXBuildFile; fileRef = F6F5189C28FD5C0100E70A9D /* HideBuildingController.m */; };
		F6F518D428FD5C0200E70A9D /* MutiInfoWindowController.m in Sources */ = {isa = PBXBuildFile; fileRef = F6F5189E28FD5C0100E70A9D /* MutiInfoWindowController.m */; };
		F6F518D528FD5C0200E70A9D /* AnnotationRotateController.m in Sources */ = {isa = PBXBuildFile; fileRef = F6F5189F28FD5C0100E70A9D /* AnnotationRotateController.m */; };
		F6F518D628FD5C0200E70A9D /* SetMapCenterViewController.m in Sources */ = {isa = PBXBuildFile; fileRef = F6F518A528FD5C0200E70A9D /* SetMapCenterViewController.m */; };
		F6F518D728FD5C0200E70A9D /* LimitMapRectViewController.m in Sources */ = {isa = PBXBuildFile; fileRef = F6F518A728FD5C0200E70A9D /* LimitMapRectViewController.m */; };
		F6F518D828FD5C0200E70A9D /* PickMapPointViewController.m in Sources */ = {isa = PBXBuildFile; fileRef = F6F518A828FD5C0200E70A9D /* PickMapPointViewController.m */; };
		F6F518D928FD5C0200E70A9D /* PointClusterViewController.m in Sources */ = {isa = PBXBuildFile; fileRef = F6F518A928FD5C0200E70A9D /* PointClusterViewController.m */; };
		F6F518DA28FD5C0200E70A9D /* ShowMarkerCenterController.m in Sources */ = {isa = PBXBuildFile; fileRef = F6F518AA28FD5C0200E70A9D /* ShowMarkerCenterController.m */; };
		F6F518DB28FD5C0200E70A9D /* ShowMarkersViewController.m in Sources */ = {isa = PBXBuildFile; fileRef = F6F518AB28FD5C0200E70A9D /* ShowMarkersViewController.m */; };
		F6F518DC28FD5C0200E70A9D /* GeofencingController.m in Sources */ = {isa = PBXBuildFile; fileRef = F6F518AE28FD5C0200E70A9D /* GeofencingController.m */; };
		F6F518DD28FD5C0200E70A9D /* MutiInfoAnnotationView.m in Sources */ = {isa = PBXBuildFile; fileRef = F6F518B428FD5C0200E70A9D /* MutiInfoAnnotationView.m */; };
		F6F518DE28FD5C0200E70A9D /* ImageInfoWindowView.m in Sources */ = {isa = PBXBuildFile; fileRef = F6F518B828FD5C0200E70A9D /* ImageInfoWindowView.m */; };
		F6F518DF28FD5C0200E70A9D /* TitleInfoWindowView.m in Sources */ = {isa = PBXBuildFile; fileRef = F6F518B928FD5C0200E70A9D /* TitleInfoWindowView.m */; };
		F6F518E028FD5C0200E70A9D /* CircleAnnotationView.m in Sources */ = {isa = PBXBuildFile; fileRef = F6F518BA28FD5C0200E70A9D /* CircleAnnotationView.m */; };
		F6F518E128FD5C0200E70A9D /* MutiInfoAnnotation.m in Sources */ = {isa = PBXBuildFile; fileRef = F6F518BB28FD5C0200E70A9D /* MutiInfoAnnotation.m */; };
		F6F518E828FD5C2200E70A9D /* cluster.txt in Resources */ = {isa = PBXBuildFile; fileRef = F6F518E428FD5C2200E70A9D /* cluster.txt */; };
		F6F518E928FD5C2200E70A9D /* car@3x.png in Resources */ = {isa = PBXBuildFile; fileRef = F6F518E528FD5C2200E70A9D /* car@3x.png */; };
		F6F518EA28FD5C2200E70A9D /* marker@2x.png in Resources */ = {isa = PBXBuildFile; fileRef = F6F518E628FD5C2200E70A9D /* marker@2x.png */; };
		F6F518EB28FD5C2200E70A9D /* hongbao.png in Resources */ = {isa = PBXBuildFile; fileRef = F6F518E728FD5C2200E70A9D /* hongbao.png */; };
/* End PBXBuildFile section */

/* Begin PBXFileReference section */
		F6F5184B28FD5B1D00E70A9D /* QMapScenarioDemo.app */ = {isa = PBXFileReference; explicitFileType = wrapper.application; includeInIndex = 0; path = QMapScenarioDemo.app; sourceTree = BUILT_PRODUCTS_DIR; };
		F6F5184E28FD5B1D00E70A9D /* AppDelegate.h */ = {isa = PBXFileReference; lastKnownFileType = sourcecode.c.h; path = AppDelegate.h; sourceTree = "<group>"; };
		F6F5184F28FD5B1D00E70A9D /* AppDelegate.m */ = {isa = PBXFileReference; lastKnownFileType = sourcecode.c.objc; path = AppDelegate.m; sourceTree = "<group>"; };
		F6F5185828FD5B1D00E70A9D /* Base */ = {isa = PBXFileReference; lastKnownFileType = file.storyboard; name = Base; path = Base.lproj/Main.storyboard; sourceTree = "<group>"; };
		F6F5185A28FD5B1E00E70A9D /* Assets.xcassets */ = {isa = PBXFileReference; lastKnownFileType = folder.assetcatalog; path = Assets.xcassets; sourceTree = "<group>"; };
		F6F5185D28FD5B1E00E70A9D /* Base */ = {isa = PBXFileReference; lastKnownFileType = file.storyboard; name = Base; path = Base.lproj/LaunchScreen.storyboard; sourceTree = "<group>"; };
		F6F5185F28FD5B1E00E70A9D /* Info.plist */ = {isa = PBXFileReference; lastKnownFileType = text.plist.xml; path = Info.plist; sourceTree = "<group>"; };
		F6F5186028FD5B1E00E70A9D /* main.m */ = {isa = PBXFileReference; lastKnownFileType = sourcecode.c.objc; path = main.m; sourceTree = "<group>"; };
		F6F5186828FD5C0100E70A9D /* EntryData.h */ = {isa = PBXFileReference; fileEncoding = 4; lastKnownFileType = sourcecode.c.h; path = EntryData.h; sourceTree = "<group>"; };
		F6F5186928FD5C0100E70A9D /* EntryViewController.h */ = {isa = PBXFileReference; fileEncoding = 4; lastKnownFileType = sourcecode.c.h; path = EntryViewController.h; sourceTree = "<group>"; };
		F6F5186A28FD5C0100E70A9D /* EntryViewController.m */ = {isa = PBXFileReference; fileEncoding = 4; lastKnownFileType = sourcecode.c.objc; path = EntryViewController.m; sourceTree = "<group>"; };
		F6F5186B28FD5C0100E70A9D /* EntryData.m */ = {isa = PBXFileReference; fileEncoding = 4; lastKnownFileType = sourcecode.c.objc; path = EntryData.m; sourceTree = "<group>"; };
		F6F5186D28FD5C0100E70A9D /* ShowsPoiViewController.m */ = {isa = PBXFileReference; fileEncoding = 4; lastKnownFileType = sourcecode.c.objc; path = ShowsPoiViewController.m; sourceTree = "<group>"; };
		F6F5186E28FD5C0100E70A9D /* ShowMarkersViewController.h */ = {isa = PBXFileReference; fileEncoding = 4; lastKnownFileType = sourcecode.c.h; path = ShowMarkersViewController.h; sourceTree = "<group>"; };
		F6F5186F28FD5C0100E70A9D /* PointClusterViewController.h */ = {isa = PBXFileReference; fileEncoding = 4; lastKnownFileType = sourcecode.c.h; path = PointClusterViewController.h; sourceTree = "<group>"; };
		F6F5187028FD5C0100E70A9D /* SetMapCenterViewController.m */ = {isa = PBXFileReference; fileEncoding = 4; lastKnownFileType = sourcecode.c.objc; path = SetMapCenterViewController.m; sourceTree = "<group>"; };
		F6F5187128FD5C0100E70A9D /* SmoothMoveViewController.h */ = {isa = PBXFileReference; fileEncoding = 4; lastKnownFileType = sourcecode.c.h; path = SmoothMoveViewController.h; sourceTree = "<group>"; };
		F6F5187328FD5C0100E70A9D /* SmoothMoveViewController.h */ = {isa = PBXFileReference; fileEncoding = 4; lastKnownFileType = sourcecode.c.h; path = SmoothMoveViewController.h; sourceTree = "<group>"; };
		F6F5187428FD5C0100E70A9D /* SmoothMoveViewController.m */ = {isa = PBXFileReference; fileEncoding = 4; lastKnownFileType = sourcecode.c.objc; path = SmoothMoveViewController.m; sourceTree = "<group>"; };
		F6F5187528FD5C0100E70A9D /* BaseMapViewController.m */ = {isa = PBXFileReference; fileEncoding = 4; lastKnownFileType = sourcecode.c.objc; path = BaseMapViewController.m; sourceTree = "<group>"; };
		F6F5187628FD5C0100E70A9D /* LimitMapRectViewController.m */ = {isa = PBXFileReference; fileEncoding = 4; lastKnownFileType = sourcecode.c.objc; path = LimitMapRectViewController.m; sourceTree = "<group>"; };
		F6F5187728FD5C0100E70A9D /* CustomGestureViewController.m */ = {isa = PBXFileReference; fileEncoding = 4; lastKnownFileType = sourcecode.c.objc; path = CustomGestureViewController.m; sourceTree = "<group>"; };
		F6F5187828FD5C0100E70A9D /* PickMapPointViewController.m */ = {isa = PBXFileReference; fileEncoding = 4; lastKnownFileType = sourcecode.c.objc; path = PickMapPointViewController.m; sourceTree = "<group>"; };
		F6F5187928FD5C0100E70A9D /* PointClusterViewController.m */ = {isa = PBXFileReference; fileEncoding = 4; lastKnownFileType = sourcecode.c.objc; path = PointClusterViewController.m; sourceTree = "<group>"; };
		F6F5187B28FD5C0100E70A9D /* LocationIconController.h */ = {isa = PBXFileReference; fileEncoding = 4; lastKnownFileType = sourcecode.c.h; path = LocationIconController.h; sourceTree = "<group>"; };
		F6F5187C28FD5C0100E70A9D /* LocationCircleController.h */ = {isa = PBXFileReference; fileEncoding = 4; lastKnownFileType = sourcecode.c.h; path = LocationCircleController.h; sourceTree = "<group>"; };
		F6F5187D28FD5C0100E70A9D /* LocationCircleController.m */ = {isa = PBXFileReference; fileEncoding = 4; lastKnownFileType = sourcecode.c.objc; path = LocationCircleController.m; sourceTree = "<group>"; };
		F6F5187E28FD5C0100E70A9D /* LocationIconController.m */ = {isa = PBXFileReference; fileEncoding = 4; lastKnownFileType = sourcecode.c.objc; path = LocationIconController.m; sourceTree = "<group>"; };
		F6F5187F28FD5C0100E70A9D /* ShowsPoiViewController.h */ = {isa = PBXFileReference; fileEncoding = 4; lastKnownFileType = sourcecode.c.h; path = ShowsPoiViewController.h; sourceTree = "<group>"; };
		F6F5188028FD5C0100E70A9D /* ShowMarkersViewController.m */ = {isa = PBXFileReference; fileEncoding = 4; lastKnownFileType = sourcecode.c.objc; path = ShowMarkersViewController.m; sourceTree = "<group>"; };
		F6F5188228FD5C0100E70A9D /* CustomGestureViewController.m */ = {isa = PBXFileReference; fileEncoding = 4; lastKnownFileType = sourcecode.c.objc; path = CustomGestureViewController.m; sourceTree = "<group>"; };
		F6F5188328FD5C0100E70A9D /* CustomGestureViewController.h */ = {isa = PBXFileReference; fileEncoding = 4; lastKnownFileType = sourcecode.c.h; path = CustomGestureViewController.h; sourceTree = "<group>"; };
		F6F5188428FD5C0100E70A9D /* BaseMapViewController.h */ = {isa = PBXFileReference; fileEncoding = 4; lastKnownFileType = sourcecode.c.h; path = BaseMapViewController.h; sourceTree = "<group>"; };
		F6F5188528FD5C0100E70A9D /* SmoothMoveViewController.m */ = {isa = PBXFileReference; fileEncoding = 4; lastKnownFileType = sourcecode.c.objc; path = SmoothMoveViewController.m; sourceTree = "<group>"; };
		F6F5188728FD5C0100E70A9D /* DeliveryController.m */ = {isa = PBXFileReference; fileEncoding = 4; lastKnownFileType = sourcecode.c.objc; path = DeliveryController.m; sourceTree = "<group>"; };
		F6F5188928FD5C0100E70A9D /* DeliveryGoodsModel.m */ = {isa = PBXFileReference; fileEncoding = 4; lastKnownFileType = sourcecode.c.objc; path = DeliveryGoodsModel.m; sourceTree = "<group>"; };
		F6F5188A28FD5C0100E70A9D /* DeliveryModel.h */ = {isa = PBXFileReference; fileEncoding = 4; lastKnownFileType = sourcecode.c.h; path = DeliveryModel.h; sourceTree = "<group>"; };
		F6F5188B28FD5C0100E70A9D /* DeliveryGoodsModel.h */ = {isa = PBXFileReference; fileEncoding = 4; lastKnownFileType = sourcecode.c.h; path = DeliveryGoodsModel.h; sourceTree = "<group>"; };
		F6F5188C28FD5C0100E70A9D /* DeliveryModel.m */ = {isa = PBXFileReference; fileEncoding = 4; lastKnownFileType = sourcecode.c.objc; path = DeliveryModel.m; sourceTree = "<group>"; };
		F6F5188E28FD5C0100E70A9D /* DeliveryGoodsView.h */ = {isa = PBXFileReference; fileEncoding = 4; lastKnownFileType = sourcecode.c.h; path = DeliveryGoodsView.h; sourceTree = "<group>"; };
		F6F5188F28FD5C0100E70A9D /* DeliveryRouteView.h */ = {isa = PBXFileReference; fileEncoding = 4; lastKnownFileType = sourcecode.c.h; path = DeliveryRouteView.h; sourceTree = "<group>"; };
		F6F5189028FD5C0100E70A9D /* DeliveryGoodsView.m */ = {isa = PBXFileReference; fileEncoding = 4; lastKnownFileType = sourcecode.c.objc; path = DeliveryGoodsView.m; sourceTree = "<group>"; };
		F6F5189128FD5C0100E70A9D /* DeliveryRouteView.m */ = {isa = PBXFileReference; fileEncoding = 4; lastKnownFileType = sourcecode.c.objc; path = DeliveryRouteView.m; sourceTree = "<group>"; };
		F6F5189228FD5C0100E70A9D /* DeliveryController.h */ = {isa = PBXFileReference; fileEncoding = 4; lastKnownFileType = sourcecode.c.h; path = DeliveryController.h; sourceTree = "<group>"; };
		F6F5189328FD5C0100E70A9D /* SetMapCenterViewController.h */ = {isa = PBXFileReference; fileEncoding = 4; lastKnownFileType = sourcecode.c.h; path = SetMapCenterViewController.h; sourceTree = "<group>"; };
		F6F5189428FD5C0100E70A9D /* LimitMapRectViewController.h */ = {isa = PBXFileReference; fileEncoding = 4; lastKnownFileType = sourcecode.c.h; path = LimitMapRectViewController.h; sourceTree = "<group>"; };
		F6F5189628FD5C0100E70A9D /* ShowsPoiViewController.m */ = {isa = PBXFileReference; fileEncoding = 4; lastKnownFileType = sourcecode.c.objc; path = ShowsPoiViewController.m; sourceTree = "<group>"; };
		F6F5189728FD5C0100E70A9D /* MutiInfoWindowController.h */ = {isa = PBXFileReference; fileEncoding = 4; lastKnownFileType = sourcecode.c.h; path = MutiInfoWindowController.h; sourceTree = "<group>"; };
		F6F5189828FD5C0100E70A9D /* MarkerAnimationController.m */ = {isa = PBXFileReference; fileEncoding = 4; lastKnownFileType = sourcecode.c.objc; path = MarkerAnimationController.m; sourceTree = "<group>"; };
		F6F5189928FD5C0100E70A9D /* HideBuildingController.h */ = {isa = PBXFileReference; fileEncoding = 4; lastKnownFileType = sourcecode.c.h; path = HideBuildingController.h; sourceTree = "<group>"; };
		F6F5189A28FD5C0100E70A9D /* AnnotationRotateController.h */ = {isa = PBXFileReference; fileEncoding = 4; lastKnownFileType = sourcecode.c.h; path = AnnotationRotateController.h; sourceTree = "<group>"; };
		F6F5189B28FD5C0100E70A9D /* ShowsPoiViewController.h */ = {isa = PBXFileReference; fileEncoding = 4; lastKnownFileType = sourcecode.c.h; path = ShowsPoiViewController.h; sourceTree = "<group>"; };
		F6F5189C28FD5C0100E70A9D /* HideBuildingController.m */ = {isa = PBXFileReference; fileEncoding = 4; lastKnownFileType = sourcecode.c.objc; path = HideBuildingController.m; sourceTree = "<group>"; };
		F6F5189D28FD5C0100E70A9D /* MarkerAnimationController.h */ = {isa = PBXFileReference; fileEncoding = 4; lastKnownFileType = sourcecode.c.h; path = MarkerAnimationController.h; sourceTree = "<group>"; };
		F6F5189E28FD5C0100E70A9D /* MutiInfoWindowController.m */ = {isa = PBXFileReference; fileEncoding = 4; lastKnownFileType = sourcecode.c.objc; path = MutiInfoWindowController.m; sourceTree = "<group>"; };
		F6F5189F28FD5C0100E70A9D /* AnnotationRotateController.m */ = {isa = PBXFileReference; fileEncoding = 4; lastKnownFileType = sourcecode.c.objc; path = AnnotationRotateController.m; sourceTree = "<group>"; };
		F6F518A028FD5C0100E70A9D /* PickMapPointViewController.h */ = {isa = PBXFileReference; fileEncoding = 4; lastKnownFileType = sourcecode.c.h; path = PickMapPointViewController.h; sourceTree = "<group>"; };
		F6F518A228FD5C0100E70A9D /* ShowMarkersViewController.h */ = {isa = PBXFileReference; fileEncoding = 4; lastKnownFileType = sourcecode.c.h; path = ShowMarkersViewController.h; sourceTree = "<group>"; };
		F6F518A328FD5C0100E70A9D /* ShowMarkerCenterController.h */ = {isa = PBXFileReference; fileEncoding = 4; lastKnownFileType = sourcecode.c.h; path = ShowMarkerCenterController.h; sourceTree = "<group>"; };
		F6F518A428FD5C0200E70A9D /* PointClusterViewController.h */ = {isa = PBXFileReference; fileEncoding = 4; lastKnownFileType = sourcecode.c.h; path = PointClusterViewController.h; sourceTree = "<group>"; };
		F6F518A528FD5C0200E70A9D /* SetMapCenterViewController.m */ = {isa = PBXFileReference; fileEncoding = 4; lastKnownFileType = sourcecode.c.objc; path = SetMapCenterViewController.m; sourceTree = "<group>"; };
		F6F518A628FD5C0200E70A9D /* GeofencingController.h */ = {isa = PBXFileReference; fileEncoding = 4; lastKnownFileType = sourcecode.c.h; path = GeofencingController.h; sourceTree = "<group>"; };
		F6F518A728FD5C0200E70A9D /* LimitMapRectViewController.m */ = {isa = PBXFileReference; fileEncoding = 4; lastKnownFileType = sourcecode.c.objc; path = LimitMapRectViewController.m; sourceTree = "<group>"; };
		F6F518A828FD5C0200E70A9D /* PickMapPointViewController.m */ = {isa = PBXFileReference; fileEncoding = 4; lastKnownFileType = sourcecode.c.objc; path = PickMapPointViewController.m; sourceTree = "<group>"; };
		F6F518A928FD5C0200E70A9D /* PointClusterViewController.m */ = {isa = PBXFileReference; fileEncoding = 4; lastKnownFileType = sourcecode.c.objc; path = PointClusterViewController.m; sourceTree = "<group>"; };
		F6F518AA28FD5C0200E70A9D /* ShowMarkerCenterController.m */ = {isa = PBXFileReference; fileEncoding = 4; lastKnownFileType = sourcecode.c.objc; path = ShowMarkerCenterController.m; sourceTree = "<group>"; };
		F6F518AB28FD5C0200E70A9D /* ShowMarkersViewController.m */ = {isa = PBXFileReference; fileEncoding = 4; lastKnownFileType = sourcecode.c.objc; path = ShowMarkersViewController.m; sourceTree = "<group>"; };
		F6F518AC28FD5C0200E70A9D /* SetMapCenterViewController.h */ = {isa = PBXFileReference; fileEncoding = 4; lastKnownFileType = sourcecode.c.h; path = SetMapCenterViewController.h; sourceTree = "<group>"; };
		F6F518AD28FD5C0200E70A9D /* LimitMapRectViewController.h */ = {isa = PBXFileReference; fileEncoding = 4; lastKnownFileType = sourcecode.c.h; path = LimitMapRectViewController.h; sourceTree = "<group>"; };
		F6F518AE28FD5C0200E70A9D /* GeofencingController.m */ = {isa = PBXFileReference; fileEncoding = 4; lastKnownFileType = sourcecode.c.objc; path = GeofencingController.m; sourceTree = "<group>"; };
		F6F518AF28FD5C0200E70A9D /* PickMapPointViewController.h */ = {isa = PBXFileReference; fileEncoding = 4; lastKnownFileType = sourcecode.c.h; path = PickMapPointViewController.h; sourceTree = "<group>"; };
		F6F518B028FD5C0200E70A9D /* CustomGestureViewController.h */ = {isa = PBXFileReference; fileEncoding = 4; lastKnownFileType = sourcecode.c.h; path = CustomGestureViewController.h; sourceTree = "<group>"; };
		F6F518B228FD5C0200E70A9D /* MutiInfoAnnotation.h */ = {isa = PBXFileReference; fileEncoding = 4; lastKnownFileType = sourcecode.c.h; path = MutiInfoAnnotation.h; sourceTree = "<group>"; };
		F6F518B328FD5C0200E70A9D /* CircleAnnotationView.h */ = {isa = PBXFileReference; fileEncoding = 4; lastKnownFileType = sourcecode.c.h; path = CircleAnnotationView.h; sourceTree = "<group>"; };
		F6F518B428FD5C0200E70A9D /* MutiInfoAnnotationView.m */ = {isa = PBXFileReference; fileEncoding = 4; lastKnownFileType = sourcecode.c.objc; path = MutiInfoAnnotationView.m; sourceTree = "<group>"; };
		F6F518B628FD5C0200E70A9D /* ImageInfoWindowView.h */ = {isa = PBXFileReference; fileEncoding = 4; lastKnownFileType = sourcecode.c.h; path = ImageInfoWindowView.h; sourceTree = "<group>"; };
		F6F518B728FD5C0200E70A9D /* TitleInfoWindowView.h */ = {isa = PBXFileReference; fileEncoding = 4; lastKnownFileType = sourcecode.c.h; path = TitleInfoWindowView.h; sourceTree = "<group>"; };
		F6F518B828FD5C0200E70A9D /* ImageInfoWindowView.m */ = {isa = PBXFileReference; fileEncoding = 4; lastKnownFileType = sourcecode.c.objc; path = ImageInfoWindowView.m; sourceTree = "<group>"; };
		F6F518B928FD5C0200E70A9D /* TitleInfoWindowView.m */ = {isa = PBXFileReference; fileEncoding = 4; lastKnownFileType = sourcecode.c.objc; path = TitleInfoWindowView.m; sourceTree = "<group>"; };
		F6F518BA28FD5C0200E70A9D /* CircleAnnotationView.m */ = {isa = PBXFileReference; fileEncoding = 4; lastKnownFileType = sourcecode.c.objc; path = CircleAnnotationView.m; sourceTree = "<group>"; };
		F6F518BB28FD5C0200E70A9D /* MutiInfoAnnotation.m */ = {isa = PBXFileReference; fileEncoding = 4; lastKnownFileType = sourcecode.c.objc; path = MutiInfoAnnotation.m; sourceTree = "<group>"; };
		F6F518BC28FD5C0200E70A9D /* MutiInfoAnnotationView.h */ = {isa = PBXFileReference; fileEncoding = 4; lastKnownFileType = sourcecode.c.h; path = MutiInfoAnnotationView.h; sourceTree = "<group>"; };
		F6F518E428FD5C2200E70A9D /* cluster.txt */ = {isa = PBXFileReference; fileEncoding = 4; lastKnownFileType = text; path = cluster.txt; sourceTree = "<group>"; };
		F6F518E528FD5C2200E70A9D /* car@3x.png */ = {isa = PBXFileReference; lastKnownFileType = image.png; path = "car@3x.png"; sourceTree = "<group>"; };
		F6F518E628FD5C2200E70A9D /* marker@2x.png */ = {isa = PBXFileReference; lastKnownFileType = image.png; path = "marker@2x.png"; sourceTree = "<group>"; };
		F6F518E728FD5C2200E70A9D /* hongbao.png */ = {isa = PBXFileReference; lastKnownFileType = image.png; path = hongbao.png; sourceTree = "<group>"; };
/* End PBXFileReference section */

/* Begin PBXFrameworksBuildPhase section */
		F6F5184828FD5B1D00E70A9D /* Frameworks */ = {
			isa = PBXFrameworksBuildPhase;
			buildActionMask = 2147483647;
			files = (
			);
			runOnlyForDeploymentPostprocessing = 0;
		};
/* End PBXFrameworksBuildPhase section */

/* Begin PBXGroup section */
		F6F5184228FD5B1D00E70A9D = {
			isa = PBXGroup;
			children = (
				F6F5184D28FD5B1D00E70A9D /* QMapScenarioDemo */,
				F6F5184C28FD5B1D00E70A9D /* Products */,
			);
			sourceTree = "<group>";
		};
		F6F5184C28FD5B1D00E70A9D /* Products */ = {
			isa = PBXGroup;
			children = (
				F6F5184B28FD5B1D00E70A9D /* QMapScenarioDemo.app */,
			);
			name = Products;
			sourceTree = "<group>";
		};
		F6F5184D28FD5B1D00E70A9D /* QMapScenarioDemo */ = {
			isa = PBXGroup;
			children = (
				F6F518E328FD5C2200E70A9D /* Resources */,
				F6F518E228FD5C0D00E70A9D /* Dependence */,
				F6F5186728FD5C0100E70A9D /* Demos */,
				F6F5184E28FD5B1D00E70A9D /* AppDelegate.h */,
				F6F5184F28FD5B1D00E70A9D /* AppDelegate.m */,
				F6F5185728FD5B1D00E70A9D /* Main.storyboard */,
				F6F5185A28FD5B1E00E70A9D /* Assets.xcassets */,
				F6F5185C28FD5B1E00E70A9D /* LaunchScreen.storyboard */,
				F6F5185F28FD5B1E00E70A9D /* Info.plist */,
				F6F5186028FD5B1E00E70A9D /* main.m */,
			);
			path = QMapScenarioDemo;
			sourceTree = "<group>";
		};
		F6F5186728FD5C0100E70A9D /* Demos */ = {
			isa = PBXGroup;
			children = (
				F6F5186828FD5C0100E70A9D /* EntryData.h */,
				F6F5186928FD5C0100E70A9D /* EntryViewController.h */,
				F6F5186A28FD5C0100E70A9D /* EntryViewController.m */,
				F6F5186B28FD5C0100E70A9D /* EntryData.m */,
				F6F5186C28FD5C0100E70A9D /* Controllers */,
				F6F518B128FD5C0200E70A9D /* Views */,
			);
			path = Demos;
			sourceTree = "<group>";
		};
		F6F5186C28FD5C0100E70A9D /* Controllers */ = {
			isa = PBXGroup;
			children = (
				F6F5186D28FD5C0100E70A9D /* ShowsPoiViewController.m */,
				F6F5186E28FD5C0100E70A9D /* ShowMarkersViewController.h */,
				F6F5186F28FD5C0100E70A9D /* PointClusterViewController.h */,
				F6F5187028FD5C0100E70A9D /* SetMapCenterViewController.m */,
				F6F5187128FD5C0100E70A9D /* SmoothMoveViewController.h */,
				F6F5187228FD5C0100E70A9D /* Trail */,
				F6F5187528FD5C0100E70A9D /* BaseMapViewController.m */,
				F6F5187628FD5C0100E70A9D /* LimitMapRectViewController.m */,
				F6F5187728FD5C0100E70A9D /* CustomGestureViewController.m */,
				F6F5187828FD5C0100E70A9D /* PickMapPointViewController.m */,
				F6F5187928FD5C0100E70A9D /* PointClusterViewController.m */,
				F6F5187A28FD5C0100E70A9D /* Locaiton */,
				F6F5187F28FD5C0100E70A9D /* ShowsPoiViewController.h */,
				F6F5188028FD5C0100E70A9D /* ShowMarkersViewController.m */,
				F6F5188128FD5C0100E70A9D /* Gesture */,
				F6F5188428FD5C0100E70A9D /* BaseMapViewController.h */,
				F6F5188528FD5C0100E70A9D /* SmoothMoveViewController.m */,
				F6F5188628FD5C0100E70A9D /* Delivery */,
				F6F5189328FD5C0100E70A9D /* SetMapCenterViewController.h */,
				F6F5189428FD5C0100E70A9D /* LimitMapRectViewController.h */,
				F6F5189528FD5C0100E70A9D /* Overlay */,
				F6F518A028FD5C0100E70A9D /* PickMapPointViewController.h */,
				F6F518A128FD5C0100E70A9D /* Base */,
				F6F518B028FD5C0200E70A9D /* CustomGestureViewController.h */,
			);
			path = Controllers;
			sourceTree = "<group>";
		};
		F6F5187228FD5C0100E70A9D /* Trail */ = {
			isa = PBXGroup;
			children = (
				F6F5187328FD5C0100E70A9D /* SmoothMoveViewController.h */,
				F6F5187428FD5C0100E70A9D /* SmoothMoveViewController.m */,
			);
			path = Trail;
			sourceTree = "<group>";
		};
		F6F5187A28FD5C0100E70A9D /* Locaiton */ = {
			isa = PBXGroup;
			children = (
				F6F5187B28FD5C0100E70A9D /* LocationIconController.h */,
				F6F5187C28FD5C0100E70A9D /* LocationCircleController.h */,
				F6F5187D28FD5C0100E70A9D /* LocationCircleController.m */,
				F6F5187E28FD5C0100E70A9D /* LocationIconController.m */,
			);
			path = Locaiton;
			sourceTree = "<group>";
		};
		F6F5188128FD5C0100E70A9D /* Gesture */ = {
			isa = PBXGroup;
			children = (
				F6F5188228FD5C0100E70A9D /* CustomGestureViewController.m */,
				F6F5188328FD5C0100E70A9D /* CustomGestureViewController.h */,
			);
			path = Gesture;
			sourceTree = "<group>";
		};
		F6F5188628FD5C0100E70A9D /* Delivery */ = {
			isa = PBXGroup;
			children = (
				F6F5188728FD5C0100E70A9D /* DeliveryController.m */,
				F6F5188828FD5C0100E70A9D /* Model */,
				F6F5188D28FD5C0100E70A9D /* View */,
				F6F5189228FD5C0100E70A9D /* DeliveryController.h */,
			);
			path = Delivery;
			sourceTree = "<group>";
		};
		F6F5188828FD5C0100E70A9D /* Model */ = {
			isa = PBXGroup;
			children = (
				F6F5188928FD5C0100E70A9D /* DeliveryGoodsModel.m */,
				F6F5188A28FD5C0100E70A9D /* DeliveryModel.h */,
				F6F5188B28FD5C0100E70A9D /* DeliveryGoodsModel.h */,
				F6F5188C28FD5C0100E70A9D /* DeliveryModel.m */,
			);
			path = Model;
			sourceTree = "<group>";
		};
		F6F5188D28FD5C0100E70A9D /* View */ = {
			isa = PBXGroup;
			children = (
				F6F5188E28FD5C0100E70A9D /* DeliveryGoodsView.h */,
				F6F5188F28FD5C0100E70A9D /* DeliveryRouteView.h */,
				F6F5189028FD5C0100E70A9D /* DeliveryGoodsView.m */,
				F6F5189128FD5C0100E70A9D /* DeliveryRouteView.m */,
			);
			path = View;
			sourceTree = "<group>";
		};
		F6F5189528FD5C0100E70A9D /* Overlay */ = {
			isa = PBXGroup;
			children = (
				F6F5189628FD5C0100E70A9D /* ShowsPoiViewController.m */,
				F6F5189728FD5C0100E70A9D /* MutiInfoWindowController.h */,
				F6F5189828FD5C0100E70A9D /* MarkerAnimationController.m */,
				F6F5189928FD5C0100E70A9D /* HideBuildingController.h */,
				F6F5189A28FD5C0100E70A9D /* AnnotationRotateController.h */,
				F6F5189B28FD5C0100E70A9D /* ShowsPoiViewController.h */,
				F6F5189C28FD5C0100E70A9D /* HideBuildingController.m */,
				F6F5189D28FD5C0100E70A9D /* MarkerAnimationController.h */,
				F6F5189E28FD5C0100E70A9D /* MutiInfoWindowController.m */,
				F6F5189F28FD5C0100E70A9D /* AnnotationRotateController.m */,
			);
			path = Overlay;
			sourceTree = "<group>";
		};
		F6F518A128FD5C0100E70A9D /* Base */ = {
			isa = PBXGroup;
			children = (
				F6F518A228FD5C0100E70A9D /* ShowMarkersViewController.h */,
				F6F518A328FD5C0100E70A9D /* ShowMarkerCenterController.h */,
				F6F518A428FD5C0200E70A9D /* PointClusterViewController.h */,
				F6F518A528FD5C0200E70A9D /* SetMapCenterViewController.m */,
				F6F518A628FD5C0200E70A9D /* GeofencingController.h */,
				F6F518A728FD5C0200E70A9D /* LimitMapRectViewController.m */,
				F6F518A828FD5C0200E70A9D /* PickMapPointViewController.m */,
				F6F518A928FD5C0200E70A9D /* PointClusterViewController.m */,
				F6F518AA28FD5C0200E70A9D /* ShowMarkerCenterController.m */,
				F6F518AB28FD5C0200E70A9D /* ShowMarkersViewController.m */,
				F6F518AC28FD5C0200E70A9D /* SetMapCenterViewController.h */,
				F6F518AD28FD5C0200E70A9D /* LimitMapRectViewController.h */,
				F6F518AE28FD5C0200E70A9D /* GeofencingController.m */,
				F6F518AF28FD5C0200E70A9D /* PickMapPointViewController.h */,
			);
			path = Base;
			sourceTree = "<group>";
		};
		F6F518B128FD5C0200E70A9D /* Views */ = {
			isa = PBXGroup;
			children = (
				F6F518B228FD5C0200E70A9D /* MutiInfoAnnotation.h */,
				F6F518B328FD5C0200E70A9D /* CircleAnnotationView.h */,
				F6F518B428FD5C0200E70A9D /* MutiInfoAnnotationView.m */,
				F6F518B528FD5C0200E70A9D /* InfoWindow */,
				F6F518BA28FD5C0200E70A9D /* CircleAnnotationView.m */,
				F6F518BB28FD5C0200E70A9D /* MutiInfoAnnotation.m */,
				F6F518BC28FD5C0200E70A9D /* MutiInfoAnnotationView.h */,
			);
			path = Views;
			sourceTree = "<group>";
		};
		F6F518B528FD5C0200E70A9D /* InfoWindow */ = {
			isa = PBXGroup;
			children = (
				F6F518B628FD5C0200E70A9D /* ImageInfoWindowView.h */,
				F6F518B728FD5C0200E70A9D /* TitleInfoWindowView.h */,
				F6F518B828FD5C0200E70A9D /* ImageInfoWindowView.m */,
				F6F518B928FD5C0200E70A9D /* TitleInfoWindowView.m */,
			);
			path = InfoWindow;
			sourceTree = "<group>";
		};
		F6F518E228FD5C0D00E70A9D /* Dependence */ = {
			isa = PBXGroup;
			children = (
			);
			path = Dependence;
			sourceTree = "<group>";
		};
		F6F518E328FD5C2200E70A9D /* Resources */ = {
			isa = PBXGroup;
			children = (
				F6F518E428FD5C2200E70A9D /* cluster.txt */,
				F6F518E528FD5C2200E70A9D /* car@3x.png */,
				F6F518E628FD5C2200E70A9D /* marker@2x.png */,
				F6F518E728FD5C2200E70A9D /* hongbao.png */,
			);
			path = Resources;
			sourceTree = "<group>";
		};
/* End PBXGroup section */

/* Begin PBXNativeTarget section */
		F6F5184A28FD5B1D00E70A9D /* QMapScenarioDemo */ = {
			isa = PBXNativeTarget;
			buildConfigurationList = F6F5186428FD5B1E00E70A9D /* Build configuration list for PBXNativeTarget "QMapScenarioDemo" */;
			buildPhases = (
				F6F5184728FD5B1D00E70A9D /* Sources */,
				F6F5184828FD5B1D00E70A9D /* Frameworks */,
				F6F5184928FD5B1D00E70A9D /* Resources */,
			);
			buildRules = (
			);
			dependencies = (
			);
			name = QMapScenarioDemo;
			productName = QMapScenarioDemo;
			productReference = F6F5184B28FD5B1D00E70A9D /* QMapScenarioDemo.app */;
			productType = "com.apple.product-type.application";
		};
/* End PBXNativeTarget section */

/* Begin PBXProject section */
		F6F5184328FD5B1D00E70A9D /* Project object */ = {
			isa = PBXProject;
			attributes = {
				BuildIndependentTargetsInParallel = 1;
				LastUpgradeCheck = 1400;
				TargetAttributes = {
					F6F5184A28FD5B1D00E70A9D = {
						CreatedOnToolsVersion = 14.0;
					};
				};
			};
			buildConfigurationList = F6F5184628FD5B1D00E70A9D /* Build configuration list for PBXProject "QMapScenarioDemo" */;
			compatibilityVersion = "Xcode 14.0";
			developmentRegion = en;
			hasScannedForEncodings = 0;
			knownRegions = (
				en,
				Base,
			);
			mainGroup = F6F5184228FD5B1D00E70A9D;
			productRefGroup = F6F5184C28FD5B1D00E70A9D /* Products */;
			projectDirPath = "";
			projectRoot = "";
			targets = (
				F6F5184A28FD5B1D00E70A9D /* QMapScenarioDemo */,
			);
		};
/* End PBXProject section */

/* Begin PBXResourcesBuildPhase section */
		F6F5184928FD5B1D00E70A9D /* Resources */ = {
			isa = PBXResourcesBuildPhase;
			buildActionMask = 2147483647;
			files = (
				F6F5185E28FD5B1E00E70A9D /* LaunchScreen.storyboard in Resources */,
				F6F518EB28FD5C2200E70A9D /* hongbao.png in Resources */,
				F6F5185B28FD5B1E00E70A9D /* Assets.xcassets in Resources */,
				F6F5185928FD5B1D00E70A9D /* Main.storyboard in Resources */,
				F6F518E928FD5C2200E70A9D /* car@3x.png in Resources */,
				F6F518EA28FD5C2200E70A9D /* marker@2x.png in Resources */,
				F6F518E828FD5C2200E70A9D /* cluster.txt in Resources */,
			);
			runOnlyForDeploymentPostprocessing = 0;
		};
/* End PBXResourcesBuildPhase section */

/* Begin PBXSourcesBuildPhase section */
		F6F5184728FD5B1D00E70A9D /* Sources */ = {
			isa = PBXSourcesBuildPhase;
			buildActionMask = 2147483647;
			files = (
				F6F518D828FD5C0200E70A9D /* PickMapPointViewController.m in Sources */,
				F6F518C728FD5C0200E70A9D /* LocationCircleController.m in Sources */,
				F6F518DC28FD5C0200E70A9D /* GeofencingController.m in Sources */,
				F6F518D928FD5C0200E70A9D /* PointClusterViewController.m in Sources */,
				F6F518E128FD5C0200E70A9D /* MutiInfoAnnotation.m in Sources */,
				F6F518BD28FD5C0200E70A9D /* EntryViewController.m in Sources */,
				F6F518C828FD5C0200E70A9D /* LocationIconController.m in Sources */,
				F6F518D428FD5C0200E70A9D /* MutiInfoWindowController.m in Sources */,
				F6F518C628FD5C0200E70A9D /* PointClusterViewController.m in Sources */,
				F6F518D328FD5C0200E70A9D /* HideBuildingController.m in Sources */,
				F6F518CB28FD5C0200E70A9D /* SmoothMoveViewController.m in Sources */,
				F6F518C028FD5C0200E70A9D /* SetMapCenterViewController.m in Sources */,
				F6F518BF28FD5C0200E70A9D /* ShowsPoiViewController.m in Sources */,
				F6F518DF28FD5C0200E70A9D /* TitleInfoWindowView.m in Sources */,
				F6F518C428FD5C0200E70A9D /* CustomGestureViewController.m in Sources */,
				F6F518C528FD5C0200E70A9D /* PickMapPointViewController.m in Sources */,
				F6F518DE28FD5C0200E70A9D /* ImageInfoWindowView.m in Sources */,
				F6F5185028FD5B1D00E70A9D /* AppDelegate.m in Sources */,
				F6F518C328FD5C0200E70A9D /* LimitMapRectViewController.m in Sources */,
				F6F518CC28FD5C0200E70A9D /* DeliveryController.m in Sources */,
				F6F518D728FD5C0200E70A9D /* LimitMapRectViewController.m in Sources */,
				F6F518C928FD5C0200E70A9D /* ShowMarkersViewController.m in Sources */,
				F6F518D128FD5C0200E70A9D /* ShowsPoiViewController.m in Sources */,
				F6F518C128FD5C0200E70A9D /* SmoothMoveViewController.m in Sources */,
				F6F518D628FD5C0200E70A9D /* SetMapCenterViewController.m in Sources */,
				F6F518CE28FD5C0200E70A9D /* DeliveryModel.m in Sources */,
				F6F518CA28FD5C0200E70A9D /* CustomGestureViewController.m in Sources */,
				F6F518E028FD5C0200E70A9D /* CircleAnnotationView.m in Sources */,
				F6F518CD28FD5C0200E70A9D /* DeliveryGoodsModel.m in Sources */,
				F6F518DA28FD5C0200E70A9D /* ShowMarkerCenterController.m in Sources */,
				F6F5186128FD5B1E00E70A9D /* main.m in Sources */,
				F6F518DD28FD5C0200E70A9D /* MutiInfoAnnotationView.m in Sources */,
				F6F518CF28FD5C0200E70A9D /* DeliveryGoodsView.m in Sources */,
				F6F518C228FD5C0200E70A9D /* BaseMapViewController.m in Sources */,
				F6F518DB28FD5C0200E70A9D /* ShowMarkersViewController.m in Sources */,
				F6F518D228FD5C0200E70A9D /* MarkerAnimationController.m in Sources */,
				F6F518D528FD5C0200E70A9D /* AnnotationRotateController.m in Sources */,
				F6F518BE28FD5C0200E70A9D /* EntryData.m in Sources */,
				F6F518D028FD5C0200E70A9D /* DeliveryRouteView.m in Sources */,
			);
			runOnlyForDeploymentPostprocessing = 0;
		};
/* End PBXSourcesBuildPhase section */

/* Begin PBXVariantGroup section */
		F6F5185728FD5B1D00E70A9D /* Main.storyboard */ = {
			isa = PBXVariantGroup;
			children = (
				F6F5185828FD5B1D00E70A9D /* Base */,
			);
			name = Main.storyboard;
			sourceTree = "<group>";
		};
		F6F5185C28FD5B1E00E70A9D /* LaunchScreen.storyboard */ = {
			isa = PBXVariantGroup;
			children = (
				F6F5185D28FD5B1E00E70A9D /* Base */,
			);
			name = LaunchScreen.storyboard;
			sourceTree = "<group>";
		};
/* End PBXVariantGroup section */

/* Begin XCBuildConfiguration section */
		F6F5186228FD5B1E00E70A9D /* Debug */ = {
			isa = XCBuildConfiguration;
			buildSettings = {
				ALWAYS_SEARCH_USER_PATHS = NO;
				CLANG_ANALYZER_NONNULL = YES;
				CLANG_ANALYZER_NUMBER_OBJECT_CONVERSION = YES_AGGRESSIVE;
				CLANG_CXX_LANGUAGE_STANDARD = "gnu++20";
				CLANG_ENABLE_MODULES = YES;
				CLANG_ENABLE_OBJC_ARC = YES;
				CLANG_ENABLE_OBJC_WEAK = YES;
				CLANG_WARN_BLOCK_CAPTURE_AUTORELEASING = YES;
				CLANG_WARN_BOOL_CONVERSION = YES;
				CLANG_WARN_COMMA = YES;
				CLANG_WARN_CONSTANT_CONVERSION = YES;
				CLANG_WARN_DEPRECATED_OBJC_IMPLEMENTATIONS = YES;
				CLANG_WARN_DIRECT_OBJC_ISA_USAGE = YES_ERROR;
				CLANG_WARN_DOCUMENTATION_COMMENTS = YES;
				CLANG_WARN_EMPTY_BODY = YES;
				CLANG_WARN_ENUM_CONVERSION = YES;
				CLANG_WARN_INFINITE_RECURSION = YES;
				CLANG_WARN_INT_CONVERSION = YES;
				CLANG_WARN_NON_LITERAL_NULL_CONVERSION = YES;
				CLANG_WARN_OBJC_IMPLICIT_RETAIN_SELF = YES;
				CLANG_WARN_OBJC_LITERAL_CONVERSION = YES;
				CLANG_WARN_OBJC_ROOT_CLASS = YES_ERROR;
				CLANG_WARN_QUOTED_INCLUDE_IN_FRAMEWORK_HEADER = YES;
				CLANG_WARN_RANGE_LOOP_ANALYSIS = YES;
				CLANG_WARN_STRICT_PROTOTYPES = YES;
				CLANG_WARN_SUSPICIOUS_MOVE = YES;
				CLANG_WARN_UNGUARDED_AVAILABILITY = YES_AGGRESSIVE;
				CLANG_WARN_UNREACHABLE_CODE = YES;
				CLANG_WARN__DUPLICATE_METHOD_MATCH = YES;
				COPY_PHASE_STRIP = NO;
				DEBUG_INFORMATION_FORMAT = dwarf;
				ENABLE_STRICT_OBJC_MSGSEND = YES;
				ENABLE_TESTABILITY = YES;
				GCC_C_LANGUAGE_STANDARD = gnu11;
				GCC_DYNAMIC_NO_PIC = NO;
				GCC_NO_COMMON_BLOCKS = YES;
				GCC_OPTIMIZATION_LEVEL = 0;
				GCC_PREPROCESSOR_DEFINITIONS = (
					"DEBUG=1",
					"$(inherited)",
				);
				GCC_WARN_64_TO_32_BIT_CONVERSION = YES;
				GCC_WARN_ABOUT_RETURN_TYPE = YES_ERROR;
				GCC_WARN_UNDECLARED_SELECTOR = YES;
				GCC_WARN_UNINITIALIZED_AUTOS = YES_AGGRESSIVE;
				GCC_WARN_UNUSED_FUNCTION = YES;
				GCC_WARN_UNUSED_VARIABLE = YES;
				IPHONEOS_DEPLOYMENT_TARGET = 16.0;
				MTL_ENABLE_DEBUG_INFO = INCLUDE_SOURCE;
				MTL_FAST_MATH = YES;
				ONLY_ACTIVE_ARCH = YES;
				SDKROOT = iphoneos;
			};
			name = Debug;
		};
		F6F5186328FD5B1E00E70A9D /* Release */ = {
			isa = XCBuildConfiguration;
			buildSettings = {
				ALWAYS_SEARCH_USER_PATHS = NO;
				CLANG_ANALYZER_NONNULL = YES;
				CLANG_ANALYZER_NUMBER_OBJECT_CONVERSION = YES_AGGRESSIVE;
				CLANG_CXX_LANGUAGE_STANDARD = "gnu++20";
				CLANG_ENABLE_MODULES = YES;
				CLANG_ENABLE_OBJC_ARC = YES;
				CLANG_ENABLE_OBJC_WEAK = YES;
				CLANG_WARN_BLOCK_CAPTURE_AUTORELEASING = YES;
				CLANG_WARN_BOOL_CONVERSION = YES;
				CLANG_WARN_COMMA = YES;
				CLANG_WARN_CONSTANT_CONVERSION = YES;
				CLANG_WARN_DEPRECATED_OBJC_IMPLEMENTATIONS = YES;
				CLANG_WARN_DIRECT_OBJC_ISA_USAGE = YES_ERROR;
				CLANG_WARN_DOCUMENTATION_COMMENTS = YES;
				CLANG_WARN_EMPTY_BODY = YES;
				CLANG_WARN_ENUM_CONVERSION = YES;
				CLANG_WARN_INFINITE_RECURSION = YES;
				CLANG_WARN_INT_CONVERSION = YES;
				CLANG_WARN_NON_LITERAL_NULL_CONVERSION = YES;
				CLANG_WARN_OBJC_IMPLICIT_RETAIN_SELF = YES;
				CLANG_WARN_OBJC_LITERAL_CONVERSION = YES;
				CLANG_WARN_OBJC_ROOT_CLASS = YES_ERROR;
				CLANG_WARN_QUOTED_INCLUDE_IN_FRAMEWORK_HEADER = YES;
				CLANG_WARN_RANGE_LOOP_ANALYSIS = YES;
				CLANG_WARN_STRICT_PROTOTYPES = YES;
				CLANG_WARN_SUSPICIOUS_MOVE = YES;
				CLANG_WARN_UNGUARDED_AVAILABILITY = YES_AGGRESSIVE;
				CLANG_WARN_UNREACHABLE_CODE = YES;
				CLANG_WARN__DUPLICATE_METHOD_MATCH = YES;
				COPY_PHASE_STRIP = NO;
				DEBUG_INFORMATION_FORMAT = "dwarf-with-dsym";
				ENABLE_NS_ASSERTIONS = NO;
				ENABLE_STRICT_OBJC_MSGSEND = YES;
				GCC_C_LANGUAGE_STANDARD = gnu11;
				GCC_NO_COMMON_BLOCKS = YES;
				GCC_WARN_64_TO_32_BIT_CONVERSION = YES;
				GCC_WARN_ABOUT_RETURN_TYPE = YES_ERROR;
				GCC_WARN_UNDECLARED_SELECTOR = YES;
				GCC_WARN_UNINITIALIZED_AUTOS = YES_AGGRESSIVE;
				GCC_WARN_UNUSED_FUNCTION = YES;
				GCC_WARN_UNUSED_VARIABLE = YES;
				IPHONEOS_DEPLOYMENT_TARGET = 16.0;
				MTL_ENABLE_DEBUG_INFO = NO;
				MTL_FAST_MATH = YES;
				SDKROOT = iphoneos;
				VALIDATE_PRODUCT = YES;
			};
			name = Release;
		};
		F6F5186528FD5B1E00E70A9D /* Debug */ = {
			isa = XCBuildConfiguration;
			buildSettings = {
				ASSETCATALOG_COMPILER_APPICON_NAME = AppIcon;
				ASSETCATALOG_COMPILER_GLOBAL_ACCENT_COLOR_NAME = AccentColor;
				CODE_SIGN_STYLE = Manual;
				CURRENT_PROJECT_VERSION = 1;
				DEVELOPMENT_TEAM = "";
				GENERATE_INFOPLIST_FILE = YES;
				INFOPLIST_FILE = QMapScenarioDemo/Info.plist;
				INFOPLIST_KEY_UIApplicationSupportsIndirectInputEvents = YES;
				INFOPLIST_KEY_UILaunchStoryboardName = LaunchScreen;
				INFOPLIST_KEY_UIMainStoryboardFile = Main;
				INFOPLIST_KEY_UISupportedInterfaceOrientations_iPad = "UIInterfaceOrientationPortrait UIInterfaceOrientationPortraitUpsideDown UIInterfaceOrientationLandscapeLeft UIInterfaceOrientationLandscapeRight";
				INFOPLIST_KEY_UISupportedInterfaceOrientations_iPhone = "UIInterfaceOrientationPortrait UIInterfaceOrientationLandscapeLeft UIInterfaceOrientationLandscapeRight";
				IPHONEOS_DEPLOYMENT_TARGET = 9.0;
				LD_RUNPATH_SEARCH_PATHS = (
					"$(inherited)",
					"@executable_path/Frameworks",
				);
				MARKETING_VERSION = 1.0;
				PRODUCT_BUNDLE_IDENTIFIER = com.LBS.tencent.QMapScenarioDemo;
				PRODUCT_NAME = "$(TARGET_NAME)";
				PROVISIONING_PROFILE_SPECIFIER = "";
				SWIFT_EMIT_LOC_STRINGS = YES;
				TARGETED_DEVICE_FAMILY = "1,2";
			};
			name = Debug;
		};
		F6F5186628FD5B1E00E70A9D /* Release */ = {
			isa = XCBuildConfiguration;
			buildSettings = {
				ASSETCATALOG_COMPILER_APPICON_NAME = AppIcon;
				ASSETCATALOG_COMPILER_GLOBAL_ACCENT_COLOR_NAME = AccentColor;
				CODE_SIGN_STYLE = Manual;
				CURRENT_PROJECT_VERSION = 1;
				DEVELOPMENT_TEAM = "";
				GENERATE_INFOPLIST_FILE = YES;
				INFOPLIST_FILE = QMapScenarioDemo/Info.plist;
				INFOPLIST_KEY_UIApplicationSupportsIndirectInputEvents = YES;
				INFOPLIST_KEY_UILaunchStoryboardName = LaunchScreen;
				INFOPLIST_KEY_UIMainStoryboardFile = Main;
				INFOPLIST_KEY_UISupportedInterfaceOrientations_iPad = "UIInterfaceOrientationPortrait UIInterfaceOrientationPortraitUpsideDown UIInterfaceOrientationLandscapeLeft UIInterfaceOrientationLandscapeRight";
				INFOPLIST_KEY_UISupportedInterfaceOrientations_iPhone = "UIInterfaceOrientationPortrait UIInterfaceOrientationLandscapeLeft UIInterfaceOrientationLandscapeRight";
				IPHONEOS_DEPLOYMENT_TARGET = 9.0;
				LD_RUNPATH_SEARCH_PATHS = (
					"$(inherited)",
					"@executable_path/Frameworks",
				);
				MARKETING_VERSION = 1.0;
				PRODUCT_BUNDLE_IDENTIFIER = com.LBS.tencent.QMapScenarioDemo;
				PRODUCT_NAME = "$(TARGET_NAME)";
				PROVISIONING_PROFILE_SPECIFIER = "";
				SWIFT_EMIT_LOC_STRINGS = YES;
				TARGETED_DEVICE_FAMILY = "1,2";
			};
			name = Release;
		};
/* End XCBuildConfiguration section */

/* Begin XCConfigurationList section */
		F6F5184628FD5B1D00E70A9D /* Build configuration list for PBXProject "QMapScenarioDemo" */ = {
			isa = XCConfigurationList;
			buildConfigurations = (
				F6F5186228FD5B1E00E70A9D /* Debug */,
				F6F5186328FD5B1E00E70A9D /* Release */,
			);
			defaultConfigurationIsVisible = 0;
			defaultConfigurationName = Release;
		};
		F6F5186428FD5B1E00E70A9D /* Build configuration list for PBXNativeTarget "QMapScenarioDemo" */ = {
			isa = XCConfigurationList;
			buildConfigurations = (
				F6F5186528FD5B1E00E70A9D /* Debug */,
				F6F5186628FD5B1E00E70A9D /* Release */,
			);
			defaultConfigurationIsVisible = 0;
			defaultConfigurationName = Release;
		};
/* End XCConfigurationList section */
	};
	rootObject = F6F5184328FD5B1D00E70A9D /* Project object */;
}
