// !$*UTF8*$!
{
	archiveVersion = 1;
	classes = {
	};
	objectVersion = 50;
	objects = {

/* Begin PBXBuildFile section */
		7B82BB662339F99700B7901B /* QMapSDKUtils.framework in Frameworks */ = {isa = PBXBuildFile; fileRef = 7B82BB652339F99700B7901B /* QMapSDKUtils.framework */; };
		7B82BB68233A14DF00B7901B /* car@3x.png in Resources */ = {isa = PBXBuildFile; fileRef = 7B82BB67233A14DF00B7901B /* car@3x.png */; };
		7B82BB6D233A42CF00B7901B /* cluster.txt in Resources */ = {isa = PBXBuildFile; fileRef = 7B82BB6C233A42CF00B7901B /* cluster.txt */; };
		7BB5A95B2338B1D400A14FDF /* marker@2x.png in Resources */ = {isa = PBXBuildFile; fileRef = 7BB5A95A2338B1D400A14FDF /* marker@2x.png */; };
		7BB754252334C09600CC4E2F /* AppDelegate.m in Sources */ = {isa = PBXBuildFile; fileRef = 7BB754242334C09600CC4E2F /* AppDelegate.m */; };
		7BB754302334C09700CC4E2F /* LaunchScreen.storyboard in Resources */ = {isa = PBXBuildFile; fileRef = 7BB7542E2334C09700CC4E2F /* LaunchScreen.storyboard */; };
		7BB754332334C09700CC4E2F /* main.m in Sources */ = {isa = PBXBuildFile; fileRef = 7BB754322334C09700CC4E2F /* main.m */; };
		7BB754442334C29900CC4E2F /* EntryViewController.m in Sources */ = {isa = PBXBuildFile; fileRef = 7BB7543F2334C29900CC4E2F /* EntryViewController.m */; };
		7BB754452334C29900CC4E2F /* EntryData.m in Sources */ = {isa = PBXBuildFile; fileRef = 7BB754402334C29900CC4E2F /* EntryData.m */; };
		7BB754462334C29900CC4E2F /* BaseMapViewController.m in Sources */ = {isa = PBXBuildFile; fileRef = 7BB754422334C29900CC4E2F /* BaseMapViewController.m */; };
		7BB7544B2334C37B00CC4E2F /* libsqlite3.0.tbd in Frameworks */ = {isa = PBXBuildFile; fileRef = 7BB7544A2334C37B00CC4E2F /* libsqlite3.0.tbd */; };
		7BB7544D2334C38000CC4E2F /* libc++.tbd in Frameworks */ = {isa = PBXBuildFile; fileRef = 7BB7544C2334C38000CC4E2F /* libc++.tbd */; };
		E50D498A24690017009EACC4 /* Assets.xcassets in Resources */ = {isa = PBXBuildFile; fileRef = E50D498924690017009EACC4 /* Assets.xcassets */; };
		E50D49A6246BA3BA009EACC4 /* CircleAnnotationView.m in Sources */ = {isa = PBXBuildFile; fileRef = E50D49A5246BA3BA009EACC4 /* CircleAnnotationView.m */; };
		E50D49C7246E439E009EACC4 /* ShowsPoiViewController.m in Sources */ = {isa = PBXBuildFile; fileRef = E50D49A9246E439E009EACC4 /* ShowsPoiViewController.m */; };
		E50D49C8246E439E009EACC4 /* MarkerAnimationController.m in Sources */ = {isa = PBXBuildFile; fileRef = E50D49AA246E439E009EACC4 /* MarkerAnimationController.m */; };
		E50D49C9246E439E009EACC4 /* HideBuildingController.m in Sources */ = {isa = PBXBuildFile; fileRef = E50D49AD246E439E009EACC4 /* HideBuildingController.m */; };
		E50D49CA246E439E009EACC4 /* SmoothMoveViewController.m in Sources */ = {isa = PBXBuildFile; fileRef = E50D49B1246E439E009EACC4 /* SmoothMoveViewController.m */; };
		E50D49CB246E439E009EACC4 /* SetMapCenterViewController.m in Sources */ = {isa = PBXBuildFile; fileRef = E50D49B5246E439E009EACC4 /* SetMapCenterViewController.m */; };
		E50D49CC246E439E009EACC4 /* LimitMapRectViewController.m in Sources */ = {isa = PBXBuildFile; fileRef = E50D49B7246E439E009EACC4 /* LimitMapRectViewController.m */; };
		E50D49CD246E439E009EACC4 /* PickMapPointViewController.m in Sources */ = {isa = PBXBuildFile; fileRef = E50D49B8246E439E009EACC4 /* PickMapPointViewController.m */; };
		E50D49CE246E439E009EACC4 /* PointClusterViewController.m in Sources */ = {isa = PBXBuildFile; fileRef = E50D49B9246E439E009EACC4 /* PointClusterViewController.m */; };
		E50D49CF246E439E009EACC4 /* ShowMarkersViewController.m in Sources */ = {isa = PBXBuildFile; fileRef = E50D49BA246E439E009EACC4 /* ShowMarkersViewController.m */; };
		E50D49D0246E439E009EACC4 /* GeofencingController.m in Sources */ = {isa = PBXBuildFile; fileRef = E50D49BD246E439E009EACC4 /* GeofencingController.m */; };
		E50D49D1246E439E009EACC4 /* CustomGestureViewController.m in Sources */ = {isa = PBXBuildFile; fileRef = E50D49C0246E439E009EACC4 /* CustomGestureViewController.m */; };
		E50D49D2246E439E009EACC4 /* LocationCircleController.m in Sources */ = {isa = PBXBuildFile; fileRef = E50D49C5246E439E009EACC4 /* LocationCircleController.m */; };
		E50D49D3246E439E009EACC4 /* LocationIconController.m in Sources */ = {isa = PBXBuildFile; fileRef = E50D49C6246E439E009EACC4 /* LocationIconController.m */; };
		E50D49D6246E43FC009EACC4 /* ShowMarkerCenterController.m in Sources */ = {isa = PBXBuildFile; fileRef = E50D49D5246E43FC009EACC4 /* ShowMarkerCenterController.m */; };
		E50E3E4224A09D3600202937 /* DeliveryRouteView.m in Sources */ = {isa = PBXBuildFile; fileRef = E50E3E4124A09D3600202937 /* DeliveryRouteView.m */; };
		E50E3E4624A09E0500202937 /* DeliveryModel.m in Sources */ = {isa = PBXBuildFile; fileRef = E50E3E4524A09E0500202937 /* DeliveryModel.m */; };
		E50E3E4924A0A2BD00202937 /* DeliveryGoodsView.m in Sources */ = {isa = PBXBuildFile; fileRef = E50E3E4824A0A2BD00202937 /* DeliveryGoodsView.m */; };
		E50E3E4C24A0A2CA00202937 /* DeliveryGoodsModel.m in Sources */ = {isa = PBXBuildFile; fileRef = E50E3E4B24A0A2CA00202937 /* DeliveryGoodsModel.m */; };
		E532FBE2248F31D3000820CF /* DeliveryController.m in Sources */ = {isa = PBXBuildFile; fileRef = E532FBE1248F31D3000820CF /* DeliveryController.m */; };
		E5970AD2247CBEB000A970CD /* AnnotationRotateController.m in Sources */ = {isa = PBXBuildFile; fileRef = E5970AD1247CBEB000A970CD /* AnnotationRotateController.m */; };
		E5AE0F71247667C0005BD9ED /* MutiInfoAnnotationView.m in Sources */ = {isa = PBXBuildFile; fileRef = E5AE0F70247667C0005BD9ED /* MutiInfoAnnotationView.m */; };
		E5AE0F7424766B4E005BD9ED /* MutiInfoWindowController.m in Sources */ = {isa = PBXBuildFile; fileRef = E5AE0F7324766B4E005BD9ED /* MutiInfoWindowController.m */; };
		E5AE0F7824768326005BD9ED /* MutiInfoAnnotation.m in Sources */ = {isa = PBXBuildFile; fileRef = E5AE0F7724768326005BD9ED /* MutiInfoAnnotation.m */; };
		E5AE0F7C2477A74D005BD9ED /* TitleInfoWindowView.m in Sources */ = {isa = PBXBuildFile; fileRef = E5AE0F7B2477A74D005BD9ED /* TitleInfoWindowView.m */; };
		E5AE0F7F2477A758005BD9ED /* ImageInfoWindowView.m in Sources */ = {isa = PBXBuildFile; fileRef = E5AE0F7E2477A758005BD9ED /* ImageInfoWindowView.m */; };
		E5B9482523D1AF6C004A4992 /* hongbao.png in Resources */ = {isa = PBXBuildFile; fileRef = E5B9482423D1AF6C004A4992 /* hongbao.png */; };
/* End PBXBuildFile section */

/* Begin PBXFileReference section */
		7B82BB652339F99700B7901B /* QMapSDKUtils.framework */ = {isa = PBXFileReference; lastKnownFileType = wrapper.framework; path = QMapSDKUtils.framework; sourceTree = "<group>"; };
		7B82BB67233A14DF00B7901B /* car@3x.png */ = {isa = PBXFileReference; lastKnownFileType = image.png; path = "car@3x.png"; sourceTree = "<group>"; };
		7B82BB6C233A42CF00B7901B /* cluster.txt */ = {isa = PBXFileReference; fileEncoding = 4; lastKnownFileType = text; path = cluster.txt; sourceTree = "<group>"; };
		7BB5A95A2338B1D400A14FDF /* marker@2x.png */ = {isa = PBXFileReference; lastKnownFileType = image.png; path = "marker@2x.png"; sourceTree = "<group>"; };
		7BB754202334C09600CC4E2F /* QMapScenarioDemo.app */ = {isa = PBXFileReference; explicitFileType = wrapper.application; includeInIndex = 0; path = QMapScenarioDemo.app; sourceTree = BUILT_PRODUCTS_DIR; };
		7BB754232334C09600CC4E2F /* AppDelegate.h */ = {isa = PBXFileReference; lastKnownFileType = sourcecode.c.h; path = AppDelegate.h; sourceTree = "<group>"; };
		7BB754242334C09600CC4E2F /* AppDelegate.m */ = {isa = PBXFileReference; lastKnownFileType = sourcecode.c.objc; path = AppDelegate.m; sourceTree = "<group>"; };
		7BB7542F2334C09700CC4E2F /* Base */ = {isa = PBXFileReference; lastKnownFileType = file.storyboard; name = Base; path = Base.lproj/LaunchScreen.storyboard; sourceTree = "<group>"; };
		7BB754312334C09700CC4E2F /* Info.plist */ = {isa = PBXFileReference; lastKnownFileType = text.plist.xml; path = Info.plist; sourceTree = "<group>"; };
		7BB754322334C09700CC4E2F /* main.m */ = {isa = PBXFileReference; lastKnownFileType = sourcecode.c.objc; path = main.m; sourceTree = "<group>"; };
		7BB7543D2334C29900CC4E2F /* EntryData.h */ = {isa = PBXFileReference; fileEncoding = 4; lastKnownFileType = sourcecode.c.h; path = EntryData.h; sourceTree = "<group>"; };
		7BB7543E2334C29900CC4E2F /* EntryViewController.h */ = {isa = PBXFileReference; fileEncoding = 4; lastKnownFileType = sourcecode.c.h; path = EntryViewController.h; sourceTree = "<group>"; };
		7BB7543F2334C29900CC4E2F /* EntryViewController.m */ = {isa = PBXFileReference; fileEncoding = 4; lastKnownFileType = sourcecode.c.objc; path = EntryViewController.m; sourceTree = "<group>"; };
		7BB754402334C29900CC4E2F /* EntryData.m */ = {isa = PBXFileReference; fileEncoding = 4; lastKnownFileType = sourcecode.c.objc; path = EntryData.m; sourceTree = "<group>"; };
		7BB754422334C29900CC4E2F /* BaseMapViewController.m */ = {isa = PBXFileReference; fileEncoding = 4; lastKnownFileType = sourcecode.c.objc; path = BaseMapViewController.m; sourceTree = "<group>"; };
		7BB754432334C29900CC4E2F /* BaseMapViewController.h */ = {isa = PBXFileReference; fileEncoding = 4; lastKnownFileType = sourcecode.c.h; path = BaseMapViewController.h; sourceTree = "<group>"; };
		7BB7544A2334C37B00CC4E2F /* libsqlite3.0.tbd */ = {isa = PBXFileReference; lastKnownFileType = "sourcecode.text-based-dylib-definition"; name = libsqlite3.0.tbd; path = usr/lib/libsqlite3.0.tbd; sourceTree = SDKROOT; };
		7BB7544C2334C38000CC4E2F /* libc++.tbd */ = {isa = PBXFileReference; lastKnownFileType = "sourcecode.text-based-dylib-definition"; name = "libc++.tbd"; path = "usr/lib/libc++.tbd"; sourceTree = SDKROOT; };
		E50D498924690017009EACC4 /* Assets.xcassets */ = {isa = PBXFileReference; lastKnownFileType = folder.assetcatalog; path = Assets.xcassets; sourceTree = "<group>"; };
		E50D49A4246BA3BA009EACC4 /* CircleAnnotationView.h */ = {isa = PBXFileReference; lastKnownFileType = sourcecode.c.h; path = CircleAnnotationView.h; sourceTree = "<group>"; };
		E50D49A5246BA3BA009EACC4 /* CircleAnnotationView.m */ = {isa = PBXFileReference; lastKnownFileType = sourcecode.c.objc; path = CircleAnnotationView.m; sourceTree = "<group>"; };
		E50D49A9246E439E009EACC4 /* ShowsPoiViewController.m */ = {isa = PBXFileReference; fileEncoding = 4; lastKnownFileType = sourcecode.c.objc; path = ShowsPoiViewController.m; sourceTree = "<group>"; };
		E50D49AA246E439E009EACC4 /* MarkerAnimationController.m */ = {isa = PBXFileReference; fileEncoding = 4; lastKnownFileType = sourcecode.c.objc; path = MarkerAnimationController.m; sourceTree = "<group>"; };
		E50D49AB246E439E009EACC4 /* HideBuildingController.h */ = {isa = PBXFileReference; fileEncoding = 4; lastKnownFileType = sourcecode.c.h; path = HideBuildingController.h; sourceTree = "<group>"; };
		E50D49AC246E439E009EACC4 /* ShowsPoiViewController.h */ = {isa = PBXFileReference; fileEncoding = 4; lastKnownFileType = sourcecode.c.h; path = ShowsPoiViewController.h; sourceTree = "<group>"; };
		E50D49AD246E439E009EACC4 /* HideBuildingController.m */ = {isa = PBXFileReference; fileEncoding = 4; lastKnownFileType = sourcecode.c.objc; path = HideBuildingController.m; sourceTree = "<group>"; };
		E50D49AE246E439E009EACC4 /* MarkerAnimationController.h */ = {isa = PBXFileReference; fileEncoding = 4; lastKnownFileType = sourcecode.c.h; path = MarkerAnimationController.h; sourceTree = "<group>"; };
		E50D49B0246E439E009EACC4 /* SmoothMoveViewController.h */ = {isa = PBXFileReference; fileEncoding = 4; lastKnownFileType = sourcecode.c.h; path = SmoothMoveViewController.h; sourceTree = "<group>"; };
		E50D49B1246E439E009EACC4 /* SmoothMoveViewController.m */ = {isa = PBXFileReference; fileEncoding = 4; lastKnownFileType = sourcecode.c.objc; path = SmoothMoveViewController.m; sourceTree = "<group>"; };
		E50D49B3246E439E009EACC4 /* ShowMarkersViewController.h */ = {isa = PBXFileReference; fileEncoding = 4; lastKnownFileType = sourcecode.c.h; path = ShowMarkersViewController.h; sourceTree = "<group>"; };
		E50D49B4246E439E009EACC4 /* PointClusterViewController.h */ = {isa = PBXFileReference; fileEncoding = 4; lastKnownFileType = sourcecode.c.h; path = PointClusterViewController.h; sourceTree = "<group>"; };
		E50D49B5246E439E009EACC4 /* SetMapCenterViewController.m */ = {isa = PBXFileReference; fileEncoding = 4; lastKnownFileType = sourcecode.c.objc; path = SetMapCenterViewController.m; sourceTree = "<group>"; };
		E50D49B6246E439E009EACC4 /* GeofencingController.h */ = {isa = PBXFileReference; fileEncoding = 4; lastKnownFileType = sourcecode.c.h; path = GeofencingController.h; sourceTree = "<group>"; };
		E50D49B7246E439E009EACC4 /* LimitMapRectViewController.m */ = {isa = PBXFileReference; fileEncoding = 4; lastKnownFileType = sourcecode.c.objc; path = LimitMapRectViewController.m; sourceTree = "<group>"; };
		E50D49B8246E439E009EACC4 /* PickMapPointViewController.m */ = {isa = PBXFileReference; fileEncoding = 4; lastKnownFileType = sourcecode.c.objc; path = PickMapPointViewController.m; sourceTree = "<group>"; };
		E50D49B9246E439E009EACC4 /* PointClusterViewController.m */ = {isa = PBXFileReference; fileEncoding = 4; lastKnownFileType = sourcecode.c.objc; path = PointClusterViewController.m; sourceTree = "<group>"; };
		E50D49BA246E439E009EACC4 /* ShowMarkersViewController.m */ = {isa = PBXFileReference; fileEncoding = 4; lastKnownFileType = sourcecode.c.objc; path = ShowMarkersViewController.m; sourceTree = "<group>"; };
		E50D49BB246E439E009EACC4 /* SetMapCenterViewController.h */ = {isa = PBXFileReference; fileEncoding = 4; lastKnownFileType = sourcecode.c.h; path = SetMapCenterViewController.h; sourceTree = "<group>"; };
		E50D49BC246E439E009EACC4 /* LimitMapRectViewController.h */ = {isa = PBXFileReference; fileEncoding = 4; lastKnownFileType = sourcecode.c.h; path = LimitMapRectViewController.h; sourceTree = "<group>"; };
		E50D49BD246E439E009EACC4 /* GeofencingController.m */ = {isa = PBXFileReference; fileEncoding = 4; lastKnownFileType = sourcecode.c.objc; path = GeofencingController.m; sourceTree = "<group>"; };
		E50D49BE246E439E009EACC4 /* PickMapPointViewController.h */ = {isa = PBXFileReference; fileEncoding = 4; lastKnownFileType = sourcecode.c.h; path = PickMapPointViewController.h; sourceTree = "<group>"; };
		E50D49C0246E439E009EACC4 /* CustomGestureViewController.m */ = {isa = PBXFileReference; fileEncoding = 4; lastKnownFileType = sourcecode.c.objc; path = CustomGestureViewController.m; sourceTree = "<group>"; };
		E50D49C1246E439E009EACC4 /* CustomGestureViewController.h */ = {isa = PBXFileReference; fileEncoding = 4; lastKnownFileType = sourcecode.c.h; path = CustomGestureViewController.h; sourceTree = "<group>"; };
		E50D49C3246E439E009EACC4 /* LocationIconController.h */ = {isa = PBXFileReference; fileEncoding = 4; lastKnownFileType = sourcecode.c.h; path = LocationIconController.h; sourceTree = "<group>"; };
		E50D49C4246E439E009EACC4 /* LocationCircleController.h */ = {isa = PBXFileReference; fileEncoding = 4; lastKnownFileType = sourcecode.c.h; path = LocationCircleController.h; sourceTree = "<group>"; };
		E50D49C5246E439E009EACC4 /* LocationCircleController.m */ = {isa = PBXFileReference; fileEncoding = 4; lastKnownFileType = sourcecode.c.objc; path = LocationCircleController.m; sourceTree = "<group>"; };
		E50D49C6246E439E009EACC4 /* LocationIconController.m */ = {isa = PBXFileReference; fileEncoding = 4; lastKnownFileType = sourcecode.c.objc; path = LocationIconController.m; sourceTree = "<group>"; };
		E50D49D4246E43FC009EACC4 /* ShowMarkerCenterController.h */ = {isa = PBXFileReference; lastKnownFileType = sourcecode.c.h; path = ShowMarkerCenterController.h; sourceTree = "<group>"; };
		E50D49D5246E43FC009EACC4 /* ShowMarkerCenterController.m */ = {isa = PBXFileReference; lastKnownFileType = sourcecode.c.objc; path = ShowMarkerCenterController.m; sourceTree = "<group>"; };
		E50E3E4024A09D3600202937 /* DeliveryRouteView.h */ = {isa = PBXFileReference; lastKnownFileType = sourcecode.c.h; path = DeliveryRouteView.h; sourceTree = "<group>"; };
		E50E3E4124A09D3600202937 /* DeliveryRouteView.m */ = {isa = PBXFileReference; lastKnownFileType = sourcecode.c.objc; path = DeliveryRouteView.m; sourceTree = "<group>"; };
		E50E3E4424A09E0500202937 /* DeliveryModel.h */ = {isa = PBXFileReference; lastKnownFileType = sourcecode.c.h; path = DeliveryModel.h; sourceTree = "<group>"; };
		E50E3E4524A09E0500202937 /* DeliveryModel.m */ = {isa = PBXFileReference; lastKnownFileType = sourcecode.c.objc; path = DeliveryModel.m; sourceTree = "<group>"; };
		E50E3E4724A0A2BD00202937 /* DeliveryGoodsView.h */ = {isa = PBXFileReference; lastKnownFileType = sourcecode.c.h; path = DeliveryGoodsView.h; sourceTree = "<group>"; };
		E50E3E4824A0A2BD00202937 /* DeliveryGoodsView.m */ = {isa = PBXFileReference; lastKnownFileType = sourcecode.c.objc; path = DeliveryGoodsView.m; sourceTree = "<group>"; };
		E50E3E4A24A0A2CA00202937 /* DeliveryGoodsModel.h */ = {isa = PBXFileReference; lastKnownFileType = sourcecode.c.h; path = DeliveryGoodsModel.h; sourceTree = "<group>"; };
		E50E3E4B24A0A2CA00202937 /* DeliveryGoodsModel.m */ = {isa = PBXFileReference; lastKnownFileType = sourcecode.c.objc; path = DeliveryGoodsModel.m; sourceTree = "<group>"; };
		E532FBE0248F31D3000820CF /* DeliveryController.h */ = {isa = PBXFileReference; lastKnownFileType = sourcecode.c.h; path = DeliveryController.h; sourceTree = "<group>"; };
		E532FBE1248F31D3000820CF /* DeliveryController.m */ = {isa = PBXFileReference; lastKnownFileType = sourcecode.c.objc; path = DeliveryController.m; sourceTree = "<group>"; };
		E5970AD0247CBEB000A970CD /* AnnotationRotateController.h */ = {isa = PBXFileReference; lastKnownFileType = sourcecode.c.h; path = AnnotationRotateController.h; sourceTree = "<group>"; };
		E5970AD1247CBEB000A970CD /* AnnotationRotateController.m */ = {isa = PBXFileReference; lastKnownFileType = sourcecode.c.objc; path = AnnotationRotateController.m; sourceTree = "<group>"; };
		E5AE0F6F247667C0005BD9ED /* MutiInfoAnnotationView.h */ = {isa = PBXFileReference; lastKnownFileType = sourcecode.c.h; path = MutiInfoAnnotationView.h; sourceTree = "<group>"; };
		E5AE0F70247667C0005BD9ED /* MutiInfoAnnotationView.m */ = {isa = PBXFileReference; lastKnownFileType = sourcecode.c.objc; path = MutiInfoAnnotationView.m; sourceTree = "<group>"; };
		E5AE0F7224766B4E005BD9ED /* MutiInfoWindowController.h */ = {isa = PBXFileReference; lastKnownFileType = sourcecode.c.h; path = MutiInfoWindowController.h; sourceTree = "<group>"; };
		E5AE0F7324766B4E005BD9ED /* MutiInfoWindowController.m */ = {isa = PBXFileReference; lastKnownFileType = sourcecode.c.objc; path = MutiInfoWindowController.m; sourceTree = "<group>"; };
		E5AE0F7624768326005BD9ED /* MutiInfoAnnotation.h */ = {isa = PBXFileReference; lastKnownFileType = sourcecode.c.h; path = MutiInfoAnnotation.h; sourceTree = "<group>"; };
		E5AE0F7724768326005BD9ED /* MutiInfoAnnotation.m */ = {isa = PBXFileReference; lastKnownFileType = sourcecode.c.objc; path = MutiInfoAnnotation.m; sourceTree = "<group>"; };
		E5AE0F7A2477A74D005BD9ED /* TitleInfoWindowView.h */ = {isa = PBXFileReference; lastKnownFileType = sourcecode.c.h; path = TitleInfoWindowView.h; sourceTree = "<group>"; };
		E5AE0F7B2477A74D005BD9ED /* TitleInfoWindowView.m */ = {isa = PBXFileReference; lastKnownFileType = sourcecode.c.objc; path = TitleInfoWindowView.m; sourceTree = "<group>"; };
		E5AE0F7D2477A758005BD9ED /* ImageInfoWindowView.h */ = {isa = PBXFileReference; lastKnownFileType = sourcecode.c.h; path = ImageInfoWindowView.h; sourceTree = "<group>"; };
		E5AE0F7E2477A758005BD9ED /* ImageInfoWindowView.m */ = {isa = PBXFileReference; lastKnownFileType = sourcecode.c.objc; path = ImageInfoWindowView.m; sourceTree = "<group>"; };
		E5B9482423D1AF6C004A4992 /* hongbao.png */ = {isa = PBXFileReference; lastKnownFileType = image.png; path = hongbao.png; sourceTree = "<group>"; };
/* End PBXFileReference section */

/* Begin PBXFrameworksBuildPhase section */
		7BB7541D2334C09600CC4E2F /* Frameworks */ = {
			isa = PBXFrameworksBuildPhase;
			buildActionMask = 2147483647;
			files = (
				7B82BB662339F99700B7901B /* QMapSDKUtils.framework in Frameworks */,
				7BB7544D2334C38000CC4E2F /* libc++.tbd in Frameworks */,
				7BB7544B2334C37B00CC4E2F /* libsqlite3.0.tbd in Frameworks */,
			);
			runOnlyForDeploymentPostprocessing = 0;
		};
/* End PBXFrameworksBuildPhase section */

/* Begin PBXGroup section */
		7BB5A94B2338736300A14FDF /* Resources */ = {
			isa = PBXGroup;
			children = (
				E5B9482423D1AF6C004A4992 /* hongbao.png */,
				7B82BB6C233A42CF00B7901B /* cluster.txt */,
				7B82BB67233A14DF00B7901B /* car@3x.png */,
				7BB5A95A2338B1D400A14FDF /* marker@2x.png */,
			);
			path = Resources;
			sourceTree = "<group>";
		};
		7BB754172334C09600CC4E2F = {
			isa = PBXGroup;
			children = (
				7BB754222334C09600CC4E2F /* QMapScenarioDemo */,
				7BB754212334C09600CC4E2F /* Products */,
				7BB754472334C36F00CC4E2F /* Frameworks */,
			);
			sourceTree = "<group>";
		};
		7BB754212334C09600CC4E2F /* Products */ = {
			isa = PBXGroup;
			children = (
				7BB754202334C09600CC4E2F /* QMapScenarioDemo.app */,
			);
			name = Products;
			sourceTree = "<group>";
		};
		7BB754222334C09600CC4E2F /* QMapScenarioDemo */ = {
			isa = PBXGroup;
			children = (
				7BB5A94B2338736300A14FDF /* Resources */,
				7BB754392334C28C00CC4E2F /* Dependence */,
				7BB7543C2334C29900CC4E2F /* Demos */,
				7BB754232334C09600CC4E2F /* AppDelegate.h */,
				7BB754242334C09600CC4E2F /* AppDelegate.m */,
				E50D498924690017009EACC4 /* Assets.xcassets */,
				7BB7542E2334C09700CC4E2F /* LaunchScreen.storyboard */,
				7BB754312334C09700CC4E2F /* Info.plist */,
				7BB754322334C09700CC4E2F /* main.m */,
			);
			path = QMapScenarioDemo;
			sourceTree = "<group>";
		};
		7BB754392334C28C00CC4E2F /* Dependence */ = {
			isa = PBXGroup;
			children = (
				7B82BB652339F99700B7901B /* QMapSDKUtils.framework */,
			);
			path = Dependence;
			sourceTree = "<group>";
		};
		7BB7543C2334C29900CC4E2F /* Demos */ = {
			isa = PBXGroup;
			children = (
				7BB7543D2334C29900CC4E2F /* EntryData.h */,
				7BB754402334C29900CC4E2F /* EntryData.m */,
				7BB7543E2334C29900CC4E2F /* EntryViewController.h */,
				7BB7543F2334C29900CC4E2F /* EntryViewController.m */,
				E50D49A3246BA3A2009EACC4 /* Views */,
				7BB754412334C29900CC4E2F /* Controllers */,
			);
			path = Demos;
			sourceTree = "<group>";
		};
		7BB754412334C29900CC4E2F /* Controllers */ = {
			isa = PBXGroup;
			children = (
				E50D49B2246E439E009EACC4 /* Base */,
				E50D49BF246E439E009EACC4 /* Gesture */,
				E50D49C2246E439E009EACC4 /* Locaiton */,
				E50D49A8246E439E009EACC4 /* Overlay */,
				E50D49AF246E439E009EACC4 /* Trail */,
				E532FBDF248F31A4000820CF /* Delivery */,
				7BB754432334C29900CC4E2F /* BaseMapViewController.h */,
				7BB754422334C29900CC4E2F /* BaseMapViewController.m */,
			);
			path = Controllers;
			sourceTree = "<group>";
		};
		7BB754472334C36F00CC4E2F /* Frameworks */ = {
			isa = PBXGroup;
			children = (
				7BB7544C2334C38000CC4E2F /* libc++.tbd */,
				7BB7544A2334C37B00CC4E2F /* libsqlite3.0.tbd */,
			);
			name = Frameworks;
			sourceTree = "<group>";
		};
		E50D49A3246BA3A2009EACC4 /* Views */ = {
			isa = PBXGroup;
			children = (
				E50D49A4246BA3BA009EACC4 /* CircleAnnotationView.h */,
				E50D49A5246BA3BA009EACC4 /* CircleAnnotationView.m */,
				E5AE0F7624768326005BD9ED /* MutiInfoAnnotation.h */,
				E5AE0F7724768326005BD9ED /* MutiInfoAnnotation.m */,
				E5AE0F6F247667C0005BD9ED /* MutiInfoAnnotationView.h */,
				E5AE0F70247667C0005BD9ED /* MutiInfoAnnotationView.m */,
				E5AE0F802477A775005BD9ED /* InfoWindow */,
			);
			path = Views;
			sourceTree = "<group>";
		};
		E50D49A8246E439E009EACC4 /* Overlay */ = {
			isa = PBXGroup;
			children = (
				E50D49AC246E439E009EACC4 /* ShowsPoiViewController.h */,
				E50D49A9246E439E009EACC4 /* ShowsPoiViewController.m */,
				E50D49AE246E439E009EACC4 /* MarkerAnimationController.h */,
				E50D49AA246E439E009EACC4 /* MarkerAnimationController.m */,
				E50D49AB246E439E009EACC4 /* HideBuildingController.h */,
				E50D49AD246E439E009EACC4 /* HideBuildingController.m */,
				E5AE0F7224766B4E005BD9ED /* MutiInfoWindowController.h */,
				E5AE0F7324766B4E005BD9ED /* MutiInfoWindowController.m */,
				E5970AD0247CBEB000A970CD /* AnnotationRotateController.h */,
				E5970AD1247CBEB000A970CD /* AnnotationRotateController.m */,
			);
			path = Overlay;
			sourceTree = "<group>";
		};
		E50D49AF246E439E009EACC4 /* Trail */ = {
			isa = PBXGroup;
			children = (
				E50D49B0246E439E009EACC4 /* SmoothMoveViewController.h */,
				E50D49B1246E439E009EACC4 /* SmoothMoveViewController.m */,
			);
			path = Trail;
			sourceTree = "<group>";
		};
		E50D49B2246E439E009EACC4 /* Base */ = {
			isa = PBXGroup;
			children = (
				E50D49B3246E439E009EACC4 /* ShowMarkersViewController.h */,
				E50D49BA246E439E009EACC4 /* ShowMarkersViewController.m */,
				E50D49BB246E439E009EACC4 /* SetMapCenterViewController.h */,
				E50D49B5246E439E009EACC4 /* SetMapCenterViewController.m */,
				E50D49B6246E439E009EACC4 /* GeofencingController.h */,
				E50D49BE246E439E009EACC4 /* PickMapPointViewController.h */,
				E50D49B8246E439E009EACC4 /* PickMapPointViewController.m */,
				E50D49B4246E439E009EACC4 /* PointClusterViewController.h */,
				E50D49B9246E439E009EACC4 /* PointClusterViewController.m */,
				E50D49BC246E439E009EACC4 /* LimitMapRectViewController.h */,
				E50D49B7246E439E009EACC4 /* LimitMapRectViewController.m */,
				E50D49BD246E439E009EACC4 /* GeofencingController.m */,
				E50D49D4246E43FC009EACC4 /* ShowMarkerCenterController.h */,
				E50D49D5246E43FC009EACC4 /* ShowMarkerCenterController.m */,
			);
			path = Base;
			sourceTree = "<group>";
		};
		E50D49BF246E439E009EACC4 /* Gesture */ = {
			isa = PBXGroup;
			children = (
				E50D49C1246E439E009EACC4 /* CustomGestureViewController.h */,
				E50D49C0246E439E009EACC4 /* CustomGestureViewController.m */,
			);
			path = Gesture;
			sourceTree = "<group>";
		};
		E50D49C2246E439E009EACC4 /* Locaiton */ = {
			isa = PBXGroup;
			children = (
				E50D49C3246E439E009EACC4 /* LocationIconController.h */,
				E50D49C6246E439E009EACC4 /* LocationIconController.m */,
				E50D49C4246E439E009EACC4 /* LocationCircleController.h */,
				E50D49C5246E439E009EACC4 /* LocationCircleController.m */,
			);
			path = Locaiton;
			sourceTree = "<group>";
		};
		E50E3E3F24A09CF000202937 /* View */ = {
			isa = PBXGroup;
			children = (
				E50E3E4024A09D3600202937 /* DeliveryRouteView.h */,
				E50E3E4124A09D3600202937 /* DeliveryRouteView.m */,
				E50E3E4724A0A2BD00202937 /* DeliveryGoodsView.h */,
				E50E3E4824A0A2BD00202937 /* DeliveryGoodsView.m */,
			);
			path = View;
			sourceTree = "<group>";
		};
		E50E3E4324A09DF500202937 /* Model */ = {
			isa = PBXGroup;
			children = (
				E50E3E4424A09E0500202937 /* DeliveryModel.h */,
				E50E3E4524A09E0500202937 /* DeliveryModel.m */,
				E50E3E4A24A0A2CA00202937 /* DeliveryGoodsModel.h */,
				E50E3E4B24A0A2CA00202937 /* DeliveryGoodsModel.m */,
			);
			path = Model;
			sourceTree = "<group>";
		};
		E532FBDF248F31A4000820CF /* Delivery */ = {
			isa = PBXGroup;
			children = (
				E50E3E4324A09DF500202937 /* Model */,
				E50E3E3F24A09CF000202937 /* View */,
				E532FBE0248F31D3000820CF /* DeliveryController.h */,
				E532FBE1248F31D3000820CF /* DeliveryController.m */,
			);
			path = Delivery;
			sourceTree = "<group>";
		};
		E5AE0F802477A775005BD9ED /* InfoWindow */ = {
			isa = PBXGroup;
			children = (
				E5AE0F7A2477A74D005BD9ED /* TitleInfoWindowView.h */,
				E5AE0F7B2477A74D005BD9ED /* TitleInfoWindowView.m */,
				E5AE0F7D2477A758005BD9ED /* ImageInfoWindowView.h */,
				E5AE0F7E2477A758005BD9ED /* ImageInfoWindowView.m */,
			);
			path = InfoWindow;
			sourceTree = "<group>";
		};
/* End PBXGroup section */

/* Begin PBXNativeTarget section */
		7BB7541F2334C09600CC4E2F /* QMapScenarioDemo */ = {
			isa = PBXNativeTarget;
			buildConfigurationList = 7BB754362334C09700CC4E2F /* Build configuration list for PBXNativeTarget "QMapScenarioDemo" */;
			buildPhases = (
				7BB7541C2334C09600CC4E2F /* Sources */,
				7BB7541D2334C09600CC4E2F /* Frameworks */,
				7BB7541E2334C09600CC4E2F /* Resources */,
			);
			buildRules = (
			);
			dependencies = (
			);
			name = QMapScenarioDemo;
			productName = QMapScenarioDemo;
			productReference = 7BB754202334C09600CC4E2F /* QMapScenarioDemo.app */;
			productType = "com.apple.product-type.application";
		};
/* End PBXNativeTarget section */

/* Begin PBXProject section */
		7BB754182334C09600CC4E2F /* Project object */ = {
			isa = PBXProject;
			attributes = {
				LastUpgradeCheck = 1320;
				ORGANIZATIONNAME = Tencent;
				TargetAttributes = {
					7BB7541F2334C09600CC4E2F = {
						CreatedOnToolsVersion = 10.3;
					};
				};
			};
			buildConfigurationList = 7BB7541B2334C09600CC4E2F /* Build configuration list for PBXProject "QMapScenarioDemo" */;
			compatibilityVersion = "Xcode 9.3";
			developmentRegion = en;
			hasScannedForEncodings = 0;
			knownRegions = (
				en,
				Base,
			);
			mainGroup = 7BB754172334C09600CC4E2F;
			productRefGroup = 7BB754212334C09600CC4E2F /* Products */;
			projectDirPath = "";
			projectRoot = "";
			targets = (
				7BB7541F2334C09600CC4E2F /* QMapScenarioDemo */,
			);
		};
/* End PBXProject section */

/* Begin PBXResourcesBuildPhase section */
		7BB7541E2334C09600CC4E2F /* Resources */ = {
			isa = PBXResourcesBuildPhase;
			buildActionMask = 2147483647;
			files = (
				7BB5A95B2338B1D400A14FDF /* marker@2x.png in Resources */,
				E5B9482523D1AF6C004A4992 /* hongbao.png in Resources */,
				7BB754302334C09700CC4E2F /* LaunchScreen.storyboard in Resources */,
				E50D498A24690017009EACC4 /* Assets.xcassets in Resources */,
				7B82BB6D233A42CF00B7901B /* cluster.txt in Resources */,
				7B82BB68233A14DF00B7901B /* car@3x.png in Resources */,
			);
			runOnlyForDeploymentPostprocessing = 0;
		};
/* End PBXResourcesBuildPhase section */

/* Begin PBXSourcesBuildPhase section */
		7BB7541C2334C09600CC4E2F /* Sources */ = {
			isa = PBXSourcesBuildPhase;
			buildActionMask = 2147483647;
			files = (
				E532FBE2248F31D3000820CF /* DeliveryController.m in Sources */,
				E50E3E4224A09D3600202937 /* DeliveryRouteView.m in Sources */,
				E5AE0F7424766B4E005BD9ED /* MutiInfoWindowController.m in Sources */,
				E5AE0F7F2477A758005BD9ED /* ImageInfoWindowView.m in Sources */,
				7BB754332334C09700CC4E2F /* main.m in Sources */,
				E50D49A6246BA3BA009EACC4 /* CircleAnnotationView.m in Sources */,
				E5AE0F7824768326005BD9ED /* MutiInfoAnnotation.m in Sources */,
				E50D49CD246E439E009EACC4 /* PickMapPointViewController.m in Sources */,
				7BB754462334C29900CC4E2F /* BaseMapViewController.m in Sources */,
				E50E3E4624A09E0500202937 /* DeliveryModel.m in Sources */,
				E5AE0F71247667C0005BD9ED /* MutiInfoAnnotationView.m in Sources */,
				E50D49CB246E439E009EACC4 /* SetMapCenterViewController.m in Sources */,
				E5970AD2247CBEB000A970CD /* AnnotationRotateController.m in Sources */,
				E50D49CA246E439E009EACC4 /* SmoothMoveViewController.m in Sources */,
				E5AE0F7C2477A74D005BD9ED /* TitleInfoWindowView.m in Sources */,
				E50D49C7246E439E009EACC4 /* ShowsPoiViewController.m in Sources */,
				E50D49C8246E439E009EACC4 /* MarkerAnimationController.m in Sources */,
				7BB754442334C29900CC4E2F /* EntryViewController.m in Sources */,
				E50D49CF246E439E009EACC4 /* ShowMarkersViewController.m in Sources */,
				E50D49D3246E439E009EACC4 /* LocationIconController.m in Sources */,
				E50E3E4924A0A2BD00202937 /* DeliveryGoodsView.m in Sources */,
				E50D49D0246E439E009EACC4 /* GeofencingController.m in Sources */,
				E50D49C9246E439E009EACC4 /* HideBuildingController.m in Sources */,
				E50D49CE246E439E009EACC4 /* PointClusterViewController.m in Sources */,
				E50D49D1246E439E009EACC4 /* CustomGestureViewController.m in Sources */,
				E50D49D2246E439E009EACC4 /* LocationCircleController.m in Sources */,
				E50D49CC246E439E009EACC4 /* LimitMapRectViewController.m in Sources */,
				7BB754452334C29900CC4E2F /* EntryData.m in Sources */,
				7BB754252334C09600CC4E2F /* AppDelegate.m in Sources */,
				E50D49D6246E43FC009EACC4 /* ShowMarkerCenterController.m in Sources */,
				E50E3E4C24A0A2CA00202937 /* DeliveryGoodsModel.m in Sources */,
			);
			runOnlyForDeploymentPostprocessing = 0;
		};
/* End PBXSourcesBuildPhase section */

/* Begin PBXVariantGroup section */
		7BB7542E2334C09700CC4E2F /* LaunchScreen.storyboard */ = {
			isa = PBXVariantGroup;
			children = (
				7BB7542F2334C09700CC4E2F /* Base */,
			);
			name = LaunchScreen.storyboard;
			sourceTree = "<group>";
		};
/* End PBXVariantGroup section */

/* Begin XCBuildConfiguration section */
		7BB754342334C09700CC4E2F /* Debug */ = {
			isa = XCBuildConfiguration;
			buildSettings = {
				ALWAYS_SEARCH_USER_PATHS = NO;
				CLANG_ANALYZER_NONNULL = YES;
				CLANG_ANALYZER_NUMBER_OBJECT_CONVERSION = YES_AGGRESSIVE;
				CLANG_CXX_LANGUAGE_STANDARD = "gnu++14";
				CLANG_CXX_LIBRARY = "libc++";
				CLANG_ENABLE_MODULES = YES;
				CLANG_ENABLE_OBJC_ARC = YES;
				CLANG_ENABLE_OBJC_WEAK = YES;
				CLANG_WARN_BLOCK_CAPTURE_AUTORELEASING = YES;
				CLANG_WARN_BOOL_CONVERSION = YES;
				CLANG_WARN_COMMA = YES;
				CLANG_WARN_CONSTANT_CONVERSION = YES;
				CLANG_WARN_DEPRECATED_OBJC_IMPLEMENTATIONS = YES;
				CLANG_WARN_DIRECT_OBJC_ISA_USAGE = YES_ERROR;
				CLANG_WARN_DOCUMENTATION_COMMENTS = YES;
				CLANG_WARN_EMPTY_BODY = YES;
				CLANG_WARN_ENUM_CONVERSION = YES;
				CLANG_WARN_INFINITE_RECURSION = YES;
				CLANG_WARN_INT_CONVERSION = YES;
				CLANG_WARN_NON_LITERAL_NULL_CONVERSION = YES;
				CLANG_WARN_OBJC_IMPLICIT_RETAIN_SELF = YES;
				CLANG_WARN_OBJC_LITERAL_CONVERSION = YES;
				CLANG_WARN_OBJC_ROOT_CLASS = YES_ERROR;
				CLANG_WARN_QUOTED_INCLUDE_IN_FRAMEWORK_HEADER = YES;
				CLANG_WARN_RANGE_LOOP_ANALYSIS = YES;
				CLANG_WARN_STRICT_PROTOTYPES = YES;
				CLANG_WARN_SUSPICIOUS_MOVE = YES;
				CLANG_WARN_UNGUARDED_AVAILABILITY = YES_AGGRESSIVE;
				CLANG_WARN_UNREACHABLE_CODE = YES;
				CLANG_WARN__DUPLICATE_METHOD_MATCH = YES;
				CODE_SIGN_IDENTITY = "iPhone Developer";
				COPY_PHASE_STRIP = NO;
				DEBUG_INFORMATION_FORMAT = dwarf;
				ENABLE_STRICT_OBJC_MSGSEND = YES;
				ENABLE_TESTABILITY = YES;
				GCC_C_LANGUAGE_STANDARD = gnu11;
				GCC_DYNAMIC_NO_PIC = NO;
				GCC_NO_COMMON_BLOCKS = YES;
				GCC_OPTIMIZATION_LEVEL = 0;
				GCC_PREPROCESSOR_DEFINITIONS = (
					"DEBUG=1",
					"$(inherited)",
				);
				GCC_WARN_64_TO_32_BIT_CONVERSION = YES;
				GCC_WARN_ABOUT_RETURN_TYPE = YES_ERROR;
				GCC_WARN_UNDECLARED_SELECTOR = YES;
				GCC_WARN_UNINITIALIZED_AUTOS = YES_AGGRESSIVE;
				GCC_WARN_UNUSED_FUNCTION = YES;
				GCC_WARN_UNUSED_VARIABLE = YES;
				IPHONEOS_DEPLOYMENT_TARGET = 12.4;
				MTL_ENABLE_DEBUG_INFO = INCLUDE_SOURCE;
				MTL_FAST_MATH = YES;
				ONLY_ACTIVE_ARCH = YES;
				SDKROOT = iphoneos;
			};
			name = Debug;
		};
		7BB754352334C09700CC4E2F /* Release */ = {
			isa = XCBuildConfiguration;
			buildSettings = {
				ALWAYS_SEARCH_USER_PATHS = NO;
				CLANG_ANALYZER_NONNULL = YES;
				CLANG_ANALYZER_NUMBER_OBJECT_CONVERSION = YES_AGGRESSIVE;
				CLANG_CXX_LANGUAGE_STANDARD = "gnu++14";
				CLANG_CXX_LIBRARY = "libc++";
				CLANG_ENABLE_MODULES = YES;
				CLANG_ENABLE_OBJC_ARC = YES;
				CLANG_ENABLE_OBJC_WEAK = YES;
				CLANG_WARN_BLOCK_CAPTURE_AUTORELEASING = YES;
				CLANG_WARN_BOOL_CONVERSION = YES;
				CLANG_WARN_COMMA = YES;
				CLANG_WARN_CONSTANT_CONVERSION = YES;
				CLANG_WARN_DEPRECATED_OBJC_IMPLEMENTATIONS = YES;
				CLANG_WARN_DIRECT_OBJC_ISA_USAGE = YES_ERROR;
				CLANG_WARN_DOCUMENTATION_COMMENTS = YES;
				CLANG_WARN_EMPTY_BODY = YES;
				CLANG_WARN_ENUM_CONVERSION = YES;
				CLANG_WARN_INFINITE_RECURSION = YES;
				CLANG_WARN_INT_CONVERSION = YES;
				CLANG_WARN_NON_LITERAL_NULL_CONVERSION = YES;
				CLANG_WARN_OBJC_IMPLICIT_RETAIN_SELF = YES;
				CLANG_WARN_OBJC_LITERAL_CONVERSION = YES;
				CLANG_WARN_OBJC_ROOT_CLASS = YES_ERROR;
				CLANG_WARN_QUOTED_INCLUDE_IN_FRAMEWORK_HEADER = YES;
				CLANG_WARN_RANGE_LOOP_ANALYSIS = YES;
				CLANG_WARN_STRICT_PROTOTYPES = YES;
				CLANG_WARN_SUSPICIOUS_MOVE = YES;
				CLANG_WARN_UNGUARDED_AVAILABILITY = YES_AGGRESSIVE;
				CLANG_WARN_UNREACHABLE_CODE = YES;
				CLANG_WARN__DUPLICATE_METHOD_MATCH = YES;
				CODE_SIGN_IDENTITY = "iPhone Developer";
				COPY_PHASE_STRIP = NO;
				DEBUG_INFORMATION_FORMAT = "dwarf-with-dsym";
				ENABLE_NS_ASSERTIONS = NO;
				ENABLE_STRICT_OBJC_MSGSEND = YES;
				GCC_C_LANGUAGE_STANDARD = gnu11;
				GCC_NO_COMMON_BLOCKS = YES;
				GCC_WARN_64_TO_32_BIT_CONVERSION = YES;
				GCC_WARN_ABOUT_RETURN_TYPE = YES_ERROR;
				GCC_WARN_UNDECLARED_SELECTOR = YES;
				GCC_WARN_UNINITIALIZED_AUTOS = YES_AGGRESSIVE;
				GCC_WARN_UNUSED_FUNCTION = YES;
				GCC_WARN_UNUSED_VARIABLE = YES;
				IPHONEOS_DEPLOYMENT_TARGET = 12.4;
				MTL_ENABLE_DEBUG_INFO = NO;
				MTL_FAST_MATH = YES;
				SDKROOT = iphoneos;
				VALIDATE_PRODUCT = YES;
			};
			name = Release;
		};
		7BB754372334C09700CC4E2F /* Debug */ = {
			isa = XCBuildConfiguration;
			buildSettings = {
				ASSETCATALOG_COMPILER_APPICON_NAME = AppIcon;
				CODE_SIGN_STYLE = Automatic;
				DEVELOPMENT_TEAM = 3QPMFXR3EA;
				ENABLE_BITCODE = NO;
				FRAMEWORK_SEARCH_PATHS = (
					"$(inherited)",
					"$(PROJECT_DIR)/QMapScenarioDemo/Dependence",
				);
				INFOPLIST_FILE = "$(SRCROOT)/QMapScenarioDemo/Info.plist";
				IPHONEOS_DEPLOYMENT_TARGET = 12.0;
				LD_RUNPATH_SEARCH_PATHS = (
					"$(inherited)",
					"@executable_path/Frameworks",
				);
				LIBRARY_SEARCH_PATHS = (
					"$(inherited)",
					"$(PROJECT_DIR)/QMapScenarioDemo/Dependence",
					"$(PROJECT_DIR)/QMapScenarioDemo/Dependence/TencentTrackSDK.framework",
				);
				OTHER_LDFLAGS = "-ObjC";
				PRODUCT_BUNDLE_IDENTIFIER = com.fh.www;
				PRODUCT_NAME = QMapScenarioDemo;
				TARGETED_DEVICE_FAMILY = "1,2";
			};
			name = Debug;
		};
		7BB754382334C09700CC4E2F /* Release */ = {
			isa = XCBuildConfiguration;
			buildSettings = {
				ASSETCATALOG_COMPILER_APPICON_NAME = AppIcon;
				CODE_SIGN_STYLE = Automatic;
				DEVELOPMENT_TEAM = 3QPMFXR3EA;
				ENABLE_BITCODE = NO;
				FRAMEWORK_SEARCH_PATHS = (
					"$(inherited)",
					"$(PROJECT_DIR)/QMapScenarioDemo/Dependence",
				);
				INFOPLIST_FILE = "$(SRCROOT)/QMapScenarioDemo/Info.plist";
				IPHONEOS_DEPLOYMENT_TARGET = 12.0;
				LD_RUNPATH_SEARCH_PATHS = (
					"$(inherited)",
					"@executable_path/Frameworks",
				);
				LIBRARY_SEARCH_PATHS = (
					"$(inherited)",
					"$(PROJECT_DIR)/QMapScenarioDemo/Dependence",
					"$(PROJECT_DIR)/QMapScenarioDemo/Dependence/TencentTrackSDK.framework",
				);
				OTHER_LDFLAGS = "-ObjC";
				PRODUCT_BUNDLE_IDENTIFIER = com.fh.www;
				PRODUCT_NAME = QMapScenarioDemo;
				TARGETED_DEVICE_FAMILY = "1,2";
			};
			name = Release;
		};
/* End XCBuildConfiguration section */

/* Begin XCConfigurationList section */
		7BB7541B2334C09600CC4E2F /* Build configuration list for PBXProject "QMapScenarioDemo" */ = {
			isa = XCConfigurationList;
			buildConfigurations = (
				7BB754342334C09700CC4E2F /* Debug */,
				7BB754352334C09700CC4E2F /* Release */,
			);
			defaultConfigurationIsVisible = 0;
			defaultConfigurationName = Release;
		};
		7BB754362334C09700CC4E2F /* Build configuration list for PBXNativeTarget "QMapScenarioDemo" */ = {
			isa = XCConfigurationList;
			buildConfigurations = (
				7BB754372334C09700CC4E2F /* Debug */,
				7BB754382334C09700CC4E2F /* Release */,
			);
			defaultConfigurationIsVisible = 0;
			defaultConfigurationName = Release;
		};
/* End XCConfigurationList section */
	};
	rootObject = 7BB754182334C09600CC4E2F /* Project object */;
}
